// !$*UTF8*$!
{
	archiveVersion = 1;
	classes = {
	};
	objectVersion = 50;
	objects = {

/* Begin PBXBuildFile section */
		C5B954BD2358AC71001D9A19 /* AppDelegate.swift in Sources */ = {isa = PBXBuildFile; fileRef = C5B954BC2358AC71001D9A19 /* AppDelegate.swift */; };
		C5B954BF2358AC71001D9A19 /* SceneDelegate.swift in Sources */ = {isa = PBXBuildFile; fileRef = C5B954BE2358AC71001D9A19 /* SceneDelegate.swift */; };
		C5B954C12358AC71001D9A19 /* ViewController.swift in Sources */ = {isa = PBXBuildFile; fileRef = C5B954C02358AC71001D9A19 /* ViewController.swift */; };
		C5B954C42358AC71001D9A19 /* Main.storyboard in Resources */ = {isa = PBXBuildFile; fileRef = C5B954C22358AC71001D9A19 /* Main.storyboard */; };
		C5B954C62358AC74001D9A19 /* Assets.xcassets in Resources */ = {isa = PBXBuildFile; fileRef = C5B954C52358AC74001D9A19 /* Assets.xcassets */; };
		C5B954C92358AC74001D9A19 /* LaunchScreen.storyboard in Resources */ = {isa = PBXBuildFile; fileRef = C5B954C72358AC74001D9A19 /* LaunchScreen.storyboard */; };
		C5B954D42358AC75001D9A19 /* testemTests.swift in Sources */ = {isa = PBXBuildFile; fileRef = C5B954D32358AC75001D9A19 /* testemTests.swift */; };
		C5B954DF2358AC75001D9A19 /* testemUITests.swift in Sources */ = {isa = PBXBuildFile; fileRef = C5B954DE2358AC75001D9A19 /* testemUITests.swift */; };
/* End PBXBuildFile section */

/* Begin PBXContainerItemProxy section */
		C5B954D02358AC75001D9A19 /* PBXContainerItemProxy */ = {
			isa = PBXContainerItemProxy;
			containerPortal = C5B954B12358AC71001D9A19 /* Project object */;
			proxyType = 1;
			remoteGlobalIDString = C5B954B82358AC71001D9A19;
			remoteInfo = testem;
		};
		C5B954DB2358AC75001D9A19 /* PBXContainerItemProxy */ = {
			isa = PBXContainerItemProxy;
			containerPortal = C5B954B12358AC71001D9A19 /* Project object */;
			proxyType = 1;
			remoteGlobalIDString = C5B954B82358AC71001D9A19;
			remoteInfo = testem;
		};
/* End PBXContainerItemProxy section */

/* Begin PBXFileReference section */
		C5B954B92358AC71001D9A19 /* testem.app */ = {isa = PBXFileReference; explicitFileType = wrapper.application; includeInIndex = 0; path = testem.app; sourceTree = BUILT_PRODUCTS_DIR; };
		C5B954BC2358AC71001D9A19 /* AppDelegate.swift */ = {isa = PBXFileReference; lastKnownFileType = sourcecode.swift; path = AppDelegate.swift; sourceTree = "<group>"; };
		C5B954BE2358AC71001D9A19 /* SceneDelegate.swift */ = {isa = PBXFileReference; lastKnownFileType = sourcecode.swift; path = SceneDelegate.swift; sourceTree = "<group>"; };
		C5B954C02358AC71001D9A19 /* ViewController.swift */ = {isa = PBXFileReference; lastKnownFileType = sourcecode.swift; path = ViewController.swift; sourceTree = "<group>"; };
		C5B954C32358AC71001D9A19 /* Base */ = {isa = PBXFileReference; lastKnownFileType = file.storyboard; name = Base; path = Base.lproj/Main.storyboard; sourceTree = "<group>"; };
		C5B954C52358AC74001D9A19 /* Assets.xcassets */ = {isa = PBXFileReference; lastKnownFileType = folder.assetcatalog; path = Assets.xcassets; sourceTree = "<group>"; };
		C5B954C82358AC74001D9A19 /* Base */ = {isa = PBXFileReference; lastKnownFileType = file.storyboard; name = Base; path = Base.lproj/LaunchScreen.storyboard; sourceTree = "<group>"; };
		C5B954CA2358AC74001D9A19 /* Info.plist */ = {isa = PBXFileReference; lastKnownFileType = text.plist.xml; path = Info.plist; sourceTree = "<group>"; };
		C5B954CF2358AC75001D9A19 /* testemTests.xctest */ = {isa = PBXFileReference; explicitFileType = wrapper.cfbundle; includeInIndex = 0; path = testemTests.xctest; sourceTree = BUILT_PRODUCTS_DIR; };
		C5B954D32358AC75001D9A19 /* testemTests.swift */ = {isa = PBXFileReference; lastKnownFileType = sourcecode.swift; path = testemTests.swift; sourceTree = "<group>"; };
		C5B954D52358AC75001D9A19 /* Info.plist */ = {isa = PBXFileReference; lastKnownFileType = text.plist.xml; path = Info.plist; sourceTree = "<group>"; };
		C5B954DA2358AC75001D9A19 /* testemUITests.xctest */ = {isa = PBXFileReference; explicitFileType = wrapper.cfbundle; includeInIndex = 0; path = testemUITests.xctest; sourceTree = BUILT_PRODUCTS_DIR; };
		C5B954DE2358AC75001D9A19 /* testemUITests.swift */ = {isa = PBXFileReference; lastKnownFileType = sourcecode.swift; path = testemUITests.swift; sourceTree = "<group>"; };
		C5B954E02358AC75001D9A19 /* Info.plist */ = {isa = PBXFileReference; lastKnownFileType = text.plist.xml; path = Info.plist; sourceTree = "<group>"; };
/* End PBXFileReference section */

/* Begin PBXFrameworksBuildPhase section */
		C5B954B62358AC71001D9A19 /* Frameworks */ = {
			isa = PBXFrameworksBuildPhase;
			buildActionMask = 2147483647;
			files = (
			);
			runOnlyForDeploymentPostprocessing = 0;
		};
		C5B954CC2358AC75001D9A19 /* Frameworks */ = {
			isa = PBXFrameworksBuildPhase;
			buildActionMask = 2147483647;
			files = (
			);
			runOnlyForDeploymentPostprocessing = 0;
		};
		C5B954D72358AC75001D9A19 /* Frameworks */ = {
			isa = PBXFrameworksBuildPhase;
			buildActionMask = 2147483647;
			files = (
			);
			runOnlyForDeploymentPostprocessing = 0;
		};
/* End PBXFrameworksBuildPhase section */

/* Begin PBXGroup section */
		C5B954B02358AC71001D9A19 = {
			isa = PBXGroup;
			children = (
				C5B954BB2358AC71001D9A19 /* testem */,
				C5B954D22358AC75001D9A19 /* testemTests */,
				C5B954DD2358AC75001D9A19 /* testemUITests */,
				C5B954BA2358AC71001D9A19 /* Products */,
			);
			sourceTree = "<group>";
		};
		C5B954BA2358AC71001D9A19 /* Products */ = {
			isa = PBXGroup;
			children = (
				C5B954B92358AC71001D9A19 /* testem.app */,
				C5B954CF2358AC75001D9A19 /* testemTests.xctest */,
				C5B954DA2358AC75001D9A19 /* testemUITests.xctest */,
			);
			name = Products;
			sourceTree = "<group>";
		};
		C5B954BB2358AC71001D9A19 /* testem */ = {
			isa = PBXGroup;
			children = (
				C5B954BC2358AC71001D9A19 /* AppDelegate.swift */,
				C5B954BE2358AC71001D9A19 /* SceneDelegate.swift */,
				C5B954C02358AC71001D9A19 /* ViewController.swift */,
				C5B954C22358AC71001D9A19 /* Main.storyboard */,
				C5B954C52358AC74001D9A19 /* Assets.xcassets */,
				C5B954C72358AC74001D9A19 /* LaunchScreen.storyboard */,
				C5B954CA2358AC74001D9A19 /* Info.plist */,
			);
			path = testem;
			sourceTree = "<group>";
		};
		C5B954D22358AC75001D9A19 /* testemTests */ = {
			isa = PBXGroup;
			children = (
				C5B954D32358AC75001D9A19 /* testemTests.swift */,
				C5B954D52358AC75001D9A19 /* Info.plist */,
			);
			path = testemTests;
			sourceTree = "<group>";
		};
		C5B954DD2358AC75001D9A19 /* testemUITests */ = {
			isa = PBXGroup;
			children = (
				C5B954DE2358AC75001D9A19 /* testemUITests.swift */,
				C5B954E02358AC75001D9A19 /* Info.plist */,
			);
			path = testemUITests;
			sourceTree = "<group>";
		};
/* End PBXGroup section */

/* Begin PBXNativeTarget section */
		C5B954B82358AC71001D9A19 /* testem */ = {
			isa = PBXNativeTarget;
			buildConfigurationList = C5B954E32358AC75001D9A19 /* Build configuration list for PBXNativeTarget "testem" */;
			buildPhases = (
				C5B954B52358AC71001D9A19 /* Sources */,
				C5B954B62358AC71001D9A19 /* Frameworks */,
				C5B954B72358AC71001D9A19 /* Resources */,
			);
			buildRules = (
			);
			dependencies = (
			);
			name = testem;
			productName = testem;
			productReference = C5B954B92358AC71001D9A19 /* testem.app */;
			productType = "com.apple.product-type.application";
		};
		C5B954CE2358AC75001D9A19 /* testemTests */ = {
			isa = PBXNativeTarget;
			buildConfigurationList = C5B954E62358AC75001D9A19 /* Build configuration list for PBXNativeTarget "testemTests" */;
			buildPhases = (
				C5B954CB2358AC75001D9A19 /* Sources */,
				C5B954CC2358AC75001D9A19 /* Frameworks */,
				C5B954CD2358AC75001D9A19 /* Resources */,
			);
			buildRules = (
			);
			dependencies = (
				C5B954D12358AC75001D9A19 /* PBXTargetDependency */,
			);
			name = testemTests;
			productName = testemTests;
			productReference = C5B954CF2358AC75001D9A19 /* testemTests.xctest */;
			productType = "com.apple.product-type.bundle.unit-test";
		};
		C5B954D92358AC75001D9A19 /* testemUITests */ = {
			isa = PBXNativeTarget;
			buildConfigurationList = C5B954E92358AC75001D9A19 /* Build configuration list for PBXNativeTarget "testemUITests" */;
			buildPhases = (
				C5B954D62358AC75001D9A19 /* Sources */,
				C5B954D72358AC75001D9A19 /* Frameworks */,
				C5B954D82358AC75001D9A19 /* Resources */,
			);
			buildRules = (
			);
			dependencies = (
				C5B954DC2358AC75001D9A19 /* PBXTargetDependency */,
			);
			name = testemUITests;
			productName = testemUITests;
			productReference = C5B954DA2358AC75001D9A19 /* testemUITests.xctest */;
			productType = "com.apple.product-type.bundle.ui-testing";
		};
/* End PBXNativeTarget section */

/* Begin PBXProject section */
		C5B954B12358AC71001D9A19 /* Project object */ = {
			isa = PBXProject;
			attributes = {
				LastSwiftUpdateCheck = 1100;
				LastUpgradeCheck = 1100;
				ORGANIZATIONNAME = "EDUARDO MEJIA";
				TargetAttributes = {
					C5B954B82358AC71001D9A19 = {
						CreatedOnToolsVersion = 11.0;
					};
					C5B954CE2358AC75001D9A19 = {
						CreatedOnToolsVersion = 11.0;
						TestTargetID = C5B954B82358AC71001D9A19;
					};
					C5B954D92358AC75001D9A19 = {
						CreatedOnToolsVersion = 11.0;
						TestTargetID = C5B954B82358AC71001D9A19;
					};
				};
			};
			buildConfigurationList = C5B954B42358AC71001D9A19 /* Build configuration list for PBXProject "testem" */;
			compatibilityVersion = "Xcode 9.3";
			developmentRegion = en;
			hasScannedForEncodings = 0;
			knownRegions = (
				en,
				Base,
			);
			mainGroup = C5B954B02358AC71001D9A19;
			productRefGroup = C5B954BA2358AC71001D9A19 /* Products */;
			projectDirPath = "";
			projectRoot = "";
			targets = (
				C5B954B82358AC71001D9A19 /* testem */,
				C5B954CE2358AC75001D9A19 /* testemTests */,
				C5B954D92358AC75001D9A19 /* testemUITests */,
			);
		};
/* End PBXProject section */

/* Begin PBXResourcesBuildPhase section */
		C5B954B72358AC71001D9A19 /* Resources */ = {
			isa = PBXResourcesBuildPhase;
			buildActionMask = 2147483647;
			files = (
				C5B954C92358AC74001D9A19 /* LaunchScreen.storyboard in Resources */,
				C5B954C62358AC74001D9A19 /* Assets.xcassets in Resources */,
				C5B954C42358AC71001D9A19 /* Main.storyboard in Resources */,
			);
			runOnlyForDeploymentPostprocessing = 0;
		};
		C5B954CD2358AC75001D9A19 /* Resources */ = {
			isa = PBXResourcesBuildPhase;
			buildActionMask = 2147483647;
			files = (
			);
			runOnlyForDeploymentPostprocessing = 0;
		};
		C5B954D82358AC75001D9A19 /* Resources */ = {
			isa = PBXResourcesBuildPhase;
			buildActionMask = 2147483647;
			files = (
			);
			runOnlyForDeploymentPostprocessing = 0;
		};
/* End PBXResourcesBuildPhase section */

/* Begin PBXSourcesBuildPhase section */
		C5B954B52358AC71001D9A19 /* Sources */ = {
			isa = PBXSourcesBuildPhase;
			buildActionMask = 2147483647;
			files = (
				C5B954C12358AC71001D9A19 /* ViewController.swift in Sources */,
				C5B954BD2358AC71001D9A19 /* AppDelegate.swift in Sources */,
				C5B954BF2358AC71001D9A19 /* SceneDelegate.swift in Sources */,
			);
			runOnlyForDeploymentPostprocessing = 0;
		};
		C5B954CB2358AC75001D9A19 /* Sources */ = {
			isa = PBXSourcesBuildPhase;
			buildActionMask = 2147483647;
			files = (
				C5B954D42358AC75001D9A19 /* testemTests.swift in Sources */,
			);
			runOnlyForDeploymentPostprocessing = 0;
		};
		C5B954D62358AC75001D9A19 /* Sources */ = {
			isa = PBXSourcesBuildPhase;
			buildActionMask = 2147483647;
			files = (
				C5B954DF2358AC75001D9A19 /* testemUITests.swift in Sources */,
			);
			runOnlyForDeploymentPostprocessing = 0;
		};
/* End PBXSourcesBuildPhase section */

/* Begin PBXTargetDependency section */
		C5B954D12358AC75001D9A19 /* PBXTargetDependency */ = {
			isa = PBXTargetDependency;
			target = C5B954B82358AC71001D9A19 /* testem */;
			targetProxy = C5B954D02358AC75001D9A19 /* PBXContainerItemProxy */;
		};
		C5B954DC2358AC75001D9A19 /* PBXTargetDependency */ = {
			isa = PBXTargetDependency;
			target = C5B954B82358AC71001D9A19 /* testem */;
			targetProxy = C5B954DB2358AC75001D9A19 /* PBXContainerItemProxy */;
		};
/* End PBXTargetDependency section */

/* Begin PBXVariantGroup section */
		C5B954C22358AC71001D9A19 /* Main.storyboard */ = {
			isa = PBXVariantGroup;
			children = (
				C5B954C32358AC71001D9A19 /* Base */,
			);
			name = Main.storyboard;
			sourceTree = "<group>";
		};
		C5B954C72358AC74001D9A19 /* LaunchScreen.storyboard */ = {
			isa = PBXVariantGroup;
			children = (
				C5B954C82358AC74001D9A19 /* Base */,
			);
			name = LaunchScreen.storyboard;
			sourceTree = "<group>";
		};
/* End PBXVariantGroup section */

/* Begin XCBuildConfiguration section */
		C5B954E12358AC75001D9A19 /* Debug */ = {
			isa = XCBuildConfiguration;
			buildSettings = {
				ALWAYS_SEARCH_USER_PATHS = NO;
				CLANG_ANALYZER_NONNULL = YES;
				CLANG_ANALYZER_NUMBER_OBJECT_CONVERSION = YES_AGGRESSIVE;
				CLANG_CXX_LANGUAGE_STANDARD = "gnu++14";
				CLANG_CXX_LIBRARY = "libc++";
				CLANG_ENABLE_MODULES = YES;
				CLANG_ENABLE_OBJC_ARC = YES;
				CLANG_ENABLE_OBJC_WEAK = YES;
				CLANG_WARN_BLOCK_CAPTURE_AUTORELEASING = YES;
				CLANG_WARN_BOOL_CONVERSION = YES;
				CLANG_WARN_COMMA = YES;
				CLANG_WARN_CONSTANT_CONVERSION = YES;
				CLANG_WARN_DEPRECATED_OBJC_IMPLEMENTATIONS = YES;
				CLANG_WARN_DIRECT_OBJC_ISA_USAGE = YES_ERROR;
				CLANG_WARN_DOCUMENTATION_COMMENTS = YES;
				CLANG_WARN_EMPTY_BODY = YES;
				CLANG_WARN_ENUM_CONVERSION = YES;
				CLANG_WARN_INFINITE_RECURSION = YES;
				CLANG_WARN_INT_CONVERSION = YES;
				CLANG_WARN_NON_LITERAL_NULL_CONVERSION = YES;
				CLANG_WARN_OBJC_IMPLICIT_RETAIN_SELF = YES;
				CLANG_WARN_OBJC_LITERAL_CONVERSION = YES;
				CLANG_WARN_OBJC_ROOT_CLASS = YES_ERROR;
				CLANG_WARN_RANGE_LOOP_ANALYSIS = YES;
				CLANG_WARN_STRICT_PROTOTYPES = YES;
				CLANG_WARN_SUSPICIOUS_MOVE = YES;
				CLANG_WARN_UNGUARDED_AVAILABILITY = YES_AGGRESSIVE;
				CLANG_WARN_UNREACHABLE_CODE = YES;
				CLANG_WARN__DUPLICATE_METHOD_MATCH = YES;
				COPY_PHASE_STRIP = NO;
				DEBUG_INFORMATION_FORMAT = dwarf;
				ENABLE_STRICT_OBJC_MSGSEND = YES;
				ENABLE_TESTABILITY = YES;
				GCC_C_LANGUAGE_STANDARD = gnu11;
				GCC_DYNAMIC_NO_PIC = NO;
				GCC_NO_COMMON_BLOCKS = YES;
				GCC_OPTIMIZATION_LEVEL = 0;
				GCC_PREPROCESSOR_DEFINITIONS = (
					"DEBUG=1",
					"$(inherited)",
				);
				GCC_WARN_64_TO_32_BIT_CONVERSION = YES;
				GCC_WARN_ABOUT_RETURN_TYPE = YES_ERROR;
				GCC_WARN_UNDECLARED_SELECTOR = YES;
				GCC_WARN_UNINITIALIZED_AUTOS = YES_AGGRESSIVE;
				GCC_WARN_UNUSED_FUNCTION = YES;
				GCC_WARN_UNUSED_VARIABLE = YES;
				IPHONEOS_DEPLOYMENT_TARGET = 13.0;
				MTL_ENABLE_DEBUG_INFO = INCLUDE_SOURCE;
				MTL_FAST_MATH = YES;
				ONLY_ACTIVE_ARCH = YES;
				SDKROOT = iphoneos;
				SWIFT_ACTIVE_COMPILATION_CONDITIONS = DEBUG;
				SWIFT_OPTIMIZATION_LEVEL = "-Onone";
			};
			name = Debug;
		};
		C5B954E22358AC75001D9A19 /* Release */ = {
			isa = XCBuildConfiguration;
			buildSettings = {
				ALWAYS_SEARCH_USER_PATHS = NO;
				CLANG_ANALYZER_NONNULL = YES;
				CLANG_ANALYZER_NUMBER_OBJECT_CONVERSION = YES_AGGRESSIVE;
				CLANG_CXX_LANGUAGE_STANDARD = "gnu++14";
				CLANG_CXX_LIBRARY = "libc++";
				CLANG_ENABLE_MODULES = YES;
				CLANG_ENABLE_OBJC_ARC = YES;
				CLANG_ENABLE_OBJC_WEAK = YES;
				CLANG_WARN_BLOCK_CAPTURE_AUTORELEASING = YES;
				CLANG_WARN_BOOL_CONVERSION = YES;
				CLANG_WARN_COMMA = YES;
				CLANG_WARN_CONSTANT_CONVERSION = YES;
				CLANG_WARN_DEPRECATED_OBJC_IMPLEMENTATIONS = YES;
				CLANG_WARN_DIRECT_OBJC_ISA_USAGE = YES_ERROR;
				CLANG_WARN_DOCUMENTATION_COMMENTS = YES;
				CLANG_WARN_EMPTY_BODY = YES;
				CLANG_WARN_ENUM_CONVERSION = YES;
				CLANG_WARN_INFINITE_RECURSION = YES;
				CLANG_WARN_INT_CONVERSION = YES;
				CLANG_WARN_NON_LITERAL_NULL_CONVERSION = YES;
				CLANG_WARN_OBJC_IMPLICIT_RETAIN_SELF = YES;
				CLANG_WARN_OBJC_LITERAL_CONVERSION = YES;
				CLANG_WARN_OBJC_ROOT_CLASS = YES_ERROR;
				CLANG_WARN_RANGE_LOOP_ANALYSIS = YES;
				CLANG_WARN_STRICT_PROTOTYPES = YES;
				CLANG_WARN_SUSPICIOUS_MOVE = YES;
				CLANG_WARN_UNGUARDED_AVAILABILITY = YES_AGGRESSIVE;
				CLANG_WARN_UNREACHABLE_CODE = YES;
				CLANG_WARN__DUPLICATE_METHOD_MATCH = YES;
				COPY_PHASE_STRIP = NO;
				DEBUG_INFORMATION_FORMAT = "dwarf-with-dsym";
				ENABLE_NS_ASSERTIONS = NO;
				ENABLE_STRICT_OBJC_MSGSEND = YES;
				GCC_C_LANGUAGE_STANDARD = gnu11;
				GCC_NO_COMMON_BLOCKS = YES;
				GCC_WARN_64_TO_32_BIT_CONVERSION = YES;
				GCC_WARN_ABOUT_RETURN_TYPE = YES_ERROR;
				GCC_WARN_UNDECLARED_SELECTOR = YES;
				GCC_WARN_UNINITIALIZED_AUTOS = YES_AGGRESSIVE;
				GCC_WARN_UNUSED_FUNCTION = YES;
				GCC_WARN_UNUSED_VARIABLE = YES;
				IPHONEOS_DEPLOYMENT_TARGET = 13.0;
				MTL_ENABLE_DEBUG_INFO = NO;
				MTL_FAST_MATH = YES;
				SDKROOT = iphoneos;
				SWIFT_COMPILATION_MODE = wholemodule;
				SWIFT_OPTIMIZATION_LEVEL = "-O";
				VALIDATE_PRODUCT = YES;
			};
			name = Release;
		};
		C5B954E42358AC75001D9A19 /* Debug */ = {
			isa = XCBuildConfiguration;
			buildSettings = {
				ASSETCATALOG_COMPILER_APPICON_NAME = AppIcon;
				CODE_SIGN_STYLE = Automatic;
				INFOPLIST_FILE = testem/Info.plist;
				LD_RUNPATH_SEARCH_PATHS = (
					"$(inherited)",
					"@executable_path/Frameworks",
				);
				PRODUCT_BUNDLE_IDENTIFIER = com.eduardomejia.testem;
				PRODUCT_NAME = "$(TARGET_NAME)";
				SWIFT_VERSION = 5.0;
				TARGETED_DEVICE_FAMILY = "1,2";
			};
			name = Debug;
		};
		C5B954E52358AC75001D9A19 /* Release */ = {
			isa = XCBuildConfiguration;
			buildSettings = {
				ASSETCATALOG_COMPILER_APPICON_NAME = AppIcon;
				CODE_SIGN_STYLE = Automatic;
				INFOPLIST_FILE = testem/Info.plist;
				LD_RUNPATH_SEARCH_PATHS = (
					"$(inherited)",
					"@executable_path/Frameworks",
				);
				PRODUCT_BUNDLE_IDENTIFIER = com.eduardomejia.testem;
				PRODUCT_NAME = "$(TARGET_NAME)";
				SWIFT_VERSION = 5.0;
				TARGETED_DEVICE_FAMILY = "1,2";
			};
			name = Release;
		};
		C5B954E72358AC75001D9A19 /* Debug */ = {
			isa = XCBuildConfiguration;
			buildSettings = {
				ALWAYS_EMBED_SWIFT_STANDARD_LIBRARIES = YES;
				BUNDLE_LOADER = "$(TEST_HOST)";
				CODE_SIGN_STYLE = Automatic;
				INFOPLIST_FILE = testemTests/Info.plist;
				IPHONEOS_DEPLOYMENT_TARGET = 13.0;
				LD_RUNPATH_SEARCH_PATHS = (
					"$(inherited)",
					"@executable_path/Frameworks",
					"@loader_path/Frameworks",
				);
				PRODUCT_BUNDLE_IDENTIFIER = com.eduardomejia.testemTests;
				PRODUCT_NAME = "$(TARGET_NAME)";
				SWIFT_VERSION = 5.0;
				TARGETED_DEVICE_FAMILY = "1,2";
				TEST_HOST = "$(BUILT_PRODUCTS_DIR)/testem.app/testem";
			};
			name = Debug;
		};
		C5B954E82358AC75001D9A19 /* Release */ = {
			isa = XCBuildConfiguration;
			buildSettings = {
				ALWAYS_EMBED_SWIFT_STANDARD_LIBRARIES = YES;
				BUNDLE_LOADER = "$(TEST_HOST)";
				CODE_SIGN_STYLE = Automatic;
				INFOPLIST_FILE = testemTests/Info.plist;
				IPHONEOS_DEPLOYMENT_TARGET = 13.0;
				LD_RUNPATH_SEARCH_PATHS = (
					"$(inherited)",
					"@executable_path/Frameworks",
					"@loader_path/Frameworks",
				);
				PRODUCT_BUNDLE_IDENTIFIER = com.eduardomejia.testemTests;
				PRODUCT_NAME = "$(TARGET_NAME)";
				SWIFT_VERSION = 5.0;
				TARGETED_DEVICE_FAMILY = "1,2";
				TEST_HOST = "$(BUILT_PRODUCTS_DIR)/testem.app/testem";
			};
			name = Release;
		};
		C5B954EA2358AC75001D9A19 /* Debug */ = {
			isa = XCBuildConfiguration;
			buildSettings = {
				ALWAYS_EMBED_SWIFT_STANDARD_LIBRARIES = YES;
				CODE_SIGN_STYLE = Automatic;
				INFOPLIST_FILE = testemUITests/Info.plist;
				LD_RUNPATH_SEARCH_PATHS = (
					"$(inherited)",
					"@executable_path/Frameworks",
					"@loader_path/Frameworks",
				);
				PRODUCT_BUNDLE_IDENTIFIER = com.eduardomejia.testemUITests;
				PRODUCT_NAME = "$(TARGET_NAME)";
				SWIFT_VERSION = 5.0;
				TARGETED_DEVICE_FAMILY = "1,2";
				TEST_TARGET_NAME = testem;
			};
			name = Debug;
		};
		C5B954EB2358AC75001D9A19 /* Release */ = {
			isa = XCBuildConfiguration;
			buildSettings = {
				ALWAYS_EMBED_SWIFT_STANDARD_LIBRARIES = YES;
				CODE_SIGN_STYLE = Automatic;
				INFOPLIST_FILE = testemUITests/Info.plist;
				LD_RUNPATH_SEARCH_PATHS = (
					"$(inherited)",
					"@executable_path/Frameworks",
					"@loader_path/Frameworks",
				);
				PRODUCT_BUNDLE_IDENTIFIER = com.eduardomejia.testemUITests;
				PRODUCT_NAME = "$(TARGET_NAME)";
				SWIFT_VERSION = 5.0;
				TARGETED_DEVICE_FAMILY = "1,2";
				TEST_TARGET_NAME = testem;
			};
			name = Release;
		};
/* End XCBuildConfiguration section */

/* Begin XCConfigurationList section */
		C5B954B42358AC71001D9A19 /* Build configuration list for PBXProject "testem" */ = {
			isa = XCConfigurationList;
			buildConfigurations = (
				C5B954E12358AC75001D9A19 /* Debug */,
				C5B954E22358AC75001D9A19 /* Release */,
			);
			defaultConfigurationIsVisible = 0;
			defaultConfigurationName = Release;
		};
		C5B954E32358AC75001D9A19 /* Build configuration list for PBXNativeTarget "testem" */ = {
			isa = XCConfigurationList;
			buildConfigurations = (
				C5B954E42358AC75001D9A19 /* Debug */,
				C5B954E52358AC75001D9A19 /* Release */,
			);
			defaultConfigurationIsVisible = 0;
			defaultConfigurationName = Release;
		};
		C5B954E62358AC75001D9A19 /* Build configuration list for PBXNativeTarget "testemTests" */ = {
			isa = XCConfigurationList;
			buildConfigurations = (
				C5B954E72358AC75001D9A19 /* Debug */,
				C5B954E82358AC75001D9A19 /* Release */,
			);
			defaultConfigurationIsVisible = 0;
			defaultConfigurationName = Release;
		};
		C5B954E92358AC75001D9A19 /* Build configuration list for PBXNativeTarget "testemUITests" */ = {
			isa = XCConfigurationList;
			buildConfigurations = (
				C5B954EA2358AC75001D9A19 /* Debug */,
				C5B954EB2358AC75001D9A19 /* Release */,
			);
			defaultConfigurationIsVisible = 0;
			defaultConfigurationName = Release;
		};
/* End XCConfigurationList section */
	};
	rootObject = C5B954B12358AC71001D9A19 /* Project object */;
}
