// !$*UTF8*$!
{
	archiveVersion = 1;
	classes = {
	};
	objectVersion = 50;
	objects = {

/* Begin PBXBuildFile section */
		C535FDF523D50CF100AFCADA /* AppDelegate.swift in Sources */ = {isa = PBXBuildFile; fileRef = C535FDF423D50CF100AFCADA /* AppDelegate.swift */; };
		C535FDF723D50CF100AFCADA /* SceneDelegate.swift in Sources */ = {isa = PBXBuildFile; fileRef = C535FDF623D50CF100AFCADA /* SceneDelegate.swift */; };
		C535FDF923D50CF100AFCADA /* ViewController.swift in Sources */ = {isa = PBXBuildFile; fileRef = C535FDF823D50CF100AFCADA /* ViewController.swift */; };
		C535FDFC23D50CF100AFCADA /* Main.storyboard in Resources */ = {isa = PBXBuildFile; fileRef = C535FDFA23D50CF100AFCADA /* Main.storyboard */; };
		C535FDFF23D50CF100AFCADA /* Reto1_progresBarValueScreen.xcdatamodeld in Sources */ = {isa = PBXBuildFile; fileRef = C535FDFD23D50CF100AFCADA /* Reto1_progresBarValueScreen.xcdatamodeld */; };
		C535FE0123D50CF500AFCADA /* Assets.xcassets in Resources */ = {isa = PBXBuildFile; fileRef = C535FE0023D50CF500AFCADA /* Assets.xcassets */; };
		C535FE0423D50CF500AFCADA /* LaunchScreen.storyboard in Resources */ = {isa = PBXBuildFile; fileRef = C535FE0223D50CF500AFCADA /* LaunchScreen.storyboard */; };
/* End PBXBuildFile section */

/* Begin PBXFileReference section */
		C535FDF123D50CF100AFCADA /* Reto1_progresBarValueScreen.app */ = {isa = PBXFileReference; explicitFileType = wrapper.application; includeInIndex = 0; path = Reto1_progresBarValueScreen.app; sourceTree = BUILT_PRODUCTS_DIR; };
		C535FDF423D50CF100AFCADA /* AppDelegate.swift */ = {isa = PBXFileReference; lastKnownFileType = sourcecode.swift; path = AppDelegate.swift; sourceTree = "<group>"; };
		C535FDF623D50CF100AFCADA /* SceneDelegate.swift */ = {isa = PBXFileReference; lastKnownFileType = sourcecode.swift; path = SceneDelegate.swift; sourceTree = "<group>"; };
		C535FDF823D50CF100AFCADA /* ViewController.swift */ = {isa = PBXFileReference; lastKnownFileType = sourcecode.swift; path = ViewController.swift; sourceTree = "<group>"; };
		C535FDFB23D50CF100AFCADA /* Base */ = {isa = PBXFileReference; lastKnownFileType = file.storyboard; name = Base; path = Base.lproj/Main.storyboard; sourceTree = "<group>"; };
		C535FDFE23D50CF100AFCADA /* Reto1_progresBarValueScreen.xcdatamodel */ = {isa = PBXFileReference; lastKnownFileType = wrapper.xcdatamodel; path = Reto1_progresBarValueScreen.xcdatamodel; sourceTree = "<group>"; };
		C535FE0023D50CF500AFCADA /* Assets.xcassets */ = {isa = PBXFileReference; lastKnownFileType = folder.assetcatalog; path = Assets.xcassets; sourceTree = "<group>"; };
		C535FE0323D50CF500AFCADA /* Base */ = {isa = PBXFileReference; lastKnownFileType = file.storyboard; name = Base; path = Base.lproj/LaunchScreen.storyboard; sourceTree = "<group>"; };
		C535FE0523D50CF500AFCADA /* Info.plist */ = {isa = PBXFileReference; lastKnownFileType = text.plist.xml; path = Info.plist; sourceTree = "<group>"; };
/* End PBXFileReference section */

/* Begin PBXFrameworksBuildPhase section */
		C535FDEE23D50CF100AFCADA /* Frameworks */ = {
			isa = PBXFrameworksBuildPhase;
			buildActionMask = 2147483647;
			files = (
			);
			runOnlyForDeploymentPostprocessing = 0;
		};
/* End PBXFrameworksBuildPhase section */

/* Begin PBXGroup section */
		C535FDE823D50CF100AFCADA = {
			isa = PBXGroup;
			children = (
				C535FDF323D50CF100AFCADA /* Reto1_progresBarValueScreen */,
				C535FDF223D50CF100AFCADA /* Products */,
			);
			sourceTree = "<group>";
		};
		C535FDF223D50CF100AFCADA /* Products */ = {
			isa = PBXGroup;
			children = (
				C535FDF123D50CF100AFCADA /* Reto1_progresBarValueScreen.app */,
			);
			name = Products;
			sourceTree = "<group>";
		};
		C535FDF323D50CF100AFCADA /* Reto1_progresBarValueScreen */ = {
			isa = PBXGroup;
			children = (
				C535FDF423D50CF100AFCADA /* AppDelegate.swift */,
				C535FDF623D50CF100AFCADA /* SceneDelegate.swift */,
				C535FDF823D50CF100AFCADA /* ViewController.swift */,
				C535FDFA23D50CF100AFCADA /* Main.storyboard */,
				C535FE0023D50CF500AFCADA /* Assets.xcassets */,
				C535FE0223D50CF500AFCADA /* LaunchScreen.storyboard */,
				C535FE0523D50CF500AFCADA /* Info.plist */,
				C535FDFD23D50CF100AFCADA /* Reto1_progresBarValueScreen.xcdatamodeld */,
			);
			path = Reto1_progresBarValueScreen;
			sourceTree = "<group>";
		};
/* End PBXGroup section */

/* Begin PBXNativeTarget section */
		C535FDF023D50CF100AFCADA /* Reto1_progresBarValueScreen */ = {
			isa = PBXNativeTarget;
			buildConfigurationList = C535FE0823D50CF500AFCADA /* Build configuration list for PBXNativeTarget "Reto1_progresBarValueScreen" */;
			buildPhases = (
				C535FDED23D50CF100AFCADA /* Sources */,
				C535FDEE23D50CF100AFCADA /* Frameworks */,
				C535FDEF23D50CF100AFCADA /* Resources */,
			);
			buildRules = (
			);
			dependencies = (
			);
			name = Reto1_progresBarValueScreen;
			productName = Reto1_progresBarValueScreen;
			productReference = C535FDF123D50CF100AFCADA /* Reto1_progresBarValueScreen.app */;
			productType = "com.apple.product-type.application";
		};
/* End PBXNativeTarget section */

/* Begin PBXProject section */
		C535FDE923D50CF100AFCADA /* Project object */ = {
			isa = PBXProject;
			attributes = {
				LastSwiftUpdateCheck = 1130;
				LastUpgradeCheck = 1130;
				ORGANIZATIONNAME = EDDIEWARE;
				TargetAttributes = {
					C535FDF023D50CF100AFCADA = {
						CreatedOnToolsVersion = 11.3;
					};
				};
			};
			buildConfigurationList = C535FDEC23D50CF100AFCADA /* Build configuration list for PBXProject "Reto1_progresBarValueScreen" */;
			compatibilityVersion = "Xcode 9.3";
			developmentRegion = en;
			hasScannedForEncodings = 0;
			knownRegions = (
				en,
				Base,
			);
			mainGroup = C535FDE823D50CF100AFCADA;
			productRefGroup = C535FDF223D50CF100AFCADA /* Products */;
			projectDirPath = "";
			projectRoot = "";
			targets = (
				C535FDF023D50CF100AFCADA /* Reto1_progresBarValueScreen */,
			);
		};
/* End PBXProject section */

/* Begin PBXResourcesBuildPhase section */
		C535FDEF23D50CF100AFCADA /* Resources */ = {
			isa = PBXResourcesBuildPhase;
			buildActionMask = 2147483647;
			files = (
				C535FE0423D50CF500AFCADA /* LaunchScreen.storyboard in Resources */,
				C535FE0123D50CF500AFCADA /* Assets.xcassets in Resources */,
				C535FDFC23D50CF100AFCADA /* Main.storyboard in Resources */,
			);
			runOnlyForDeploymentPostprocessing = 0;
		};
/* End PBXResourcesBuildPhase section */

/* Begin PBXSourcesBuildPhase section */
		C535FDED23D50CF100AFCADA /* Sources */ = {
			isa = PBXSourcesBuildPhase;
			buildActionMask = 2147483647;
			files = (
				C535FDF923D50CF100AFCADA /* ViewController.swift in Sources */,
				C535FDF523D50CF100AFCADA /* AppDelegate.swift in Sources */,
				C535FDFF23D50CF100AFCADA /* Reto1_progresBarValueScreen.xcdatamodeld in Sources */,
				C535FDF723D50CF100AFCADA /* SceneDelegate.swift in Sources */,
			);
			runOnlyForDeploymentPostprocessing = 0;
		};
/* End PBXSourcesBuildPhase section */

/* Begin PBXVariantGroup section */
		C535FDFA23D50CF100AFCADA /* Main.storyboard */ = {
			isa = PBXVariantGroup;
			children = (
				C535FDFB23D50CF100AFCADA /* Base */,
			);
			name = Main.storyboard;
			sourceTree = "<group>";
		};
		C535FE0223D50CF500AFCADA /* LaunchScreen.storyboard */ = {
			isa = PBXVariantGroup;
			children = (
				C535FE0323D50CF500AFCADA /* Base */,
			);
			name = LaunchScreen.storyboard;
			sourceTree = "<group>";
		};
/* End PBXVariantGroup section */

/* Begin XCBuildConfiguration section */
		C535FE0623D50CF500AFCADA /* Debug */ = {
			isa = XCBuildConfiguration;
			buildSettings = {
				ALWAYS_SEARCH_USER_PATHS = NO;
				CLANG_ANALYZER_NONNULL = YES;
				CLANG_ANALYZER_NUMBER_OBJECT_CONVERSION = YES_AGGRESSIVE;
				CLANG_CXX_LANGUAGE_STANDARD = "gnu++14";
				CLANG_CXX_LIBRARY = "libc++";
				CLANG_ENABLE_MODULES = YES;
				CLANG_ENABLE_OBJC_ARC = YES;
				CLANG_ENABLE_OBJC_WEAK = YES;
				CLANG_WARN_BLOCK_CAPTURE_AUTORELEASING = YES;
				CLANG_WARN_BOOL_CONVERSION = YES;
				CLANG_WARN_COMMA = YES;
				CLANG_WARN_CONSTANT_CONVERSION = YES;
				CLANG_WARN_DEPRECATED_OBJC_IMPLEMENTATIONS = YES;
				CLANG_WARN_DIRECT_OBJC_ISA_USAGE = YES_ERROR;
				CLANG_WARN_DOCUMENTATION_COMMENTS = YES;
				CLANG_WARN_EMPTY_BODY = YES;
				CLANG_WARN_ENUM_CONVERSION = YES;
				CLANG_WARN_INFINITE_RECURSION = YES;
				CLANG_WARN_INT_CONVERSION = YES;
				CLANG_WARN_NON_LITERAL_NULL_CONVERSION = YES;
				CLANG_WARN_OBJC_IMPLICIT_RETAIN_SELF = YES;
				CLANG_WARN_OBJC_LITERAL_CONVERSION = YES;
				CLANG_WARN_OBJC_ROOT_CLASS = YES_ERROR;
				CLANG_WARN_RANGE_LOOP_ANALYSIS = YES;
				CLANG_WARN_STRICT_PROTOTYPES = YES;
				CLANG_WARN_SUSPICIOUS_MOVE = YES;
				CLANG_WARN_UNGUARDED_AVAILABILITY = YES_AGGRESSIVE;
				CLANG_WARN_UNREACHABLE_CODE = YES;
				CLANG_WARN__DUPLICATE_METHOD_MATCH = YES;
				COPY_PHASE_STRIP = NO;
				DEBUG_INFORMATION_FORMAT = dwarf;
				ENABLE_STRICT_OBJC_MSGSEND = YES;
				ENABLE_TESTABILITY = YES;
				GCC_C_LANGUAGE_STANDARD = gnu11;
				GCC_DYNAMIC_NO_PIC = NO;
				GCC_NO_COMMON_BLOCKS = YES;
				GCC_OPTIMIZATION_LEVEL = 0;
				GCC_PREPROCESSOR_DEFINITIONS = (
					"DEBUG=1",
					"$(inherited)",
				);
				GCC_WARN_64_TO_32_BIT_CONVERSION = YES;
				GCC_WARN_ABOUT_RETURN_TYPE = YES_ERROR;
				GCC_WARN_UNDECLARED_SELECTOR = YES;
				GCC_WARN_UNINITIALIZED_AUTOS = YES_AGGRESSIVE;
				GCC_WARN_UNUSED_FUNCTION = YES;
				GCC_WARN_UNUSED_VARIABLE = YES;
				IPHONEOS_DEPLOYMENT_TARGET = 13.2;
				MTL_ENABLE_DEBUG_INFO = INCLUDE_SOURCE;
				MTL_FAST_MATH = YES;
				ONLY_ACTIVE_ARCH = YES;
				SDKROOT = iphoneos;
				SWIFT_ACTIVE_COMPILATION_CONDITIONS = DEBUG;
				SWIFT_OPTIMIZATION_LEVEL = "-Onone";
			};
			name = Debug;
		};
		C535FE0723D50CF500AFCADA /* Release */ = {
			isa = XCBuildConfiguration;
			buildSettings = {
				ALWAYS_SEARCH_USER_PATHS = NO;
				CLANG_ANALYZER_NONNULL = YES;
				CLANG_ANALYZER_NUMBER_OBJECT_CONVERSION = YES_AGGRESSIVE;
				CLANG_CXX_LANGUAGE_STANDARD = "gnu++14";
				CLANG_CXX_LIBRARY = "libc++";
				CLANG_ENABLE_MODULES = YES;
				CLANG_ENABLE_OBJC_ARC = YES;
				CLANG_ENABLE_OBJC_WEAK = YES;
				CLANG_WARN_BLOCK_CAPTURE_AUTORELEASING = YES;
				CLANG_WARN_BOOL_CONVERSION = YES;
				CLANG_WARN_COMMA = YES;
				CLANG_WARN_CONSTANT_CONVERSION = YES;
				CLANG_WARN_DEPRECATED_OBJC_IMPLEMENTATIONS = YES;
				CLANG_WARN_DIRECT_OBJC_ISA_USAGE = YES_ERROR;
				CLANG_WARN_DOCUMENTATION_COMMENTS = YES;
				CLANG_WARN_EMPTY_BODY = YES;
				CLANG_WARN_ENUM_CONVERSION = YES;
				CLANG_WARN_INFINITE_RECURSION = YES;
				CLANG_WARN_INT_CONVERSION = YES;
				CLANG_WARN_NON_LITERAL_NULL_CONVERSION = YES;
				CLANG_WARN_OBJC_IMPLICIT_RETAIN_SELF = YES;
				CLANG_WARN_OBJC_LITERAL_CONVERSION = YES;
				CLANG_WARN_OBJC_ROOT_CLASS = YES_ERROR;
				CLANG_WARN_RANGE_LOOP_ANALYSIS = YES;
				CLANG_WARN_STRICT_PROTOTYPES = YES;
				CLANG_WARN_SUSPICIOUS_MOVE = YES;
				CLANG_WARN_UNGUARDED_AVAILABILITY = YES_AGGRESSIVE;
				CLANG_WARN_UNREACHABLE_CODE = YES;
				CLANG_WARN__DUPLICATE_METHOD_MATCH = YES;
				COPY_PHASE_STRIP = NO;
				DEBUG_INFORMATION_FORMAT = "dwarf-with-dsym";
				ENABLE_NS_ASSERTIONS = NO;
				ENABLE_STRICT_OBJC_MSGSEND = YES;
				GCC_C_LANGUAGE_STANDARD = gnu11;
				GCC_NO_COMMON_BLOCKS = YES;
				GCC_WARN_64_TO_32_BIT_CONVERSION = YES;
				GCC_WARN_ABOUT_RETURN_TYPE = YES_ERROR;
				GCC_WARN_UNDECLARED_SELECTOR = YES;
				GCC_WARN_UNINITIALIZED_AUTOS = YES_AGGRESSIVE;
				GCC_WARN_UNUSED_FUNCTION = YES;
				GCC_WARN_UNUSED_VARIABLE = YES;
				IPHONEOS_DEPLOYMENT_TARGET = 13.2;
				MTL_ENABLE_DEBUG_INFO = NO;
				MTL_FAST_MATH = YES;
				SDKROOT = iphoneos;
				SWIFT_COMPILATION_MODE = wholemodule;
				SWIFT_OPTIMIZATION_LEVEL = "-O";
				VALIDATE_PRODUCT = YES;
			};
			name = Release;
		};
		C535FE0923D50CF500AFCADA /* Debug */ = {
			isa = XCBuildConfiguration;
			buildSettings = {
				ASSETCATALOG_COMPILER_APPICON_NAME = AppIcon;
				CODE_SIGN_STYLE = Automatic;
				INFOPLIST_FILE = Reto1_progresBarValueScreen/Info.plist;
				LD_RUNPATH_SEARCH_PATHS = (
					"$(inherited)",
					"@executable_path/Frameworks",
				);
				PRODUCT_BUNDLE_IDENTIFIER = "com.eduardomejia.Reto1-progresBarValueScreen";
				PRODUCT_NAME = "$(TARGET_NAME)";
				SWIFT_VERSION = 5.0;
				TARGETED_DEVICE_FAMILY = "1,2";
			};
			name = Debug;
		};
		C535FE0A23D50CF500AFCADA /* Release */ = {
			isa = XCBuildConfiguration;
			buildSettings = {
				ASSETCATALOG_COMPILER_APPICON_NAME = AppIcon;
				CODE_SIGN_STYLE = Automatic;
				INFOPLIST_FILE = Reto1_progresBarValueScreen/Info.plist;
				LD_RUNPATH_SEARCH_PATHS = (
					"$(inherited)",
					"@executable_path/Frameworks",
				);
				PRODUCT_BUNDLE_IDENTIFIER = "com.eduardomejia.Reto1-progresBarValueScreen";
				PRODUCT_NAME = "$(TARGET_NAME)";
				SWIFT_VERSION = 5.0;
				TARGETED_DEVICE_FAMILY = "1,2";
			};
			name = Release;
		};
/* End XCBuildConfiguration section */

/* Begin XCConfigurationList section */
		C535FDEC23D50CF100AFCADA /* Build configuration list for PBXProject "Reto1_progresBarValueScreen" */ = {
			isa = XCConfigurationList;
			buildConfigurations = (
				C535FE0623D50CF500AFCADA /* Debug */,
				C535FE0723D50CF500AFCADA /* Release */,
			);
			defaultConfigurationIsVisible = 0;
			defaultConfigurationName = Release;
		};
		C535FE0823D50CF500AFCADA /* Build configuration list for PBXNativeTarget "Reto1_progresBarValueScreen" */ = {
			isa = XCConfigurationList;
			buildConfigurations = (
				C535FE0923D50CF500AFCADA /* Debug */,
				C535FE0A23D50CF500AFCADA /* Release */,
			);
			defaultConfigurationIsVisible = 0;
			defaultConfigurationName = Release;
		};
/* End XCConfigurationList section */

/* Begin XCVersionGroup section */
		C535FDFD23D50CF100AFCADA /* Reto1_progresBarValueScreen.xcdatamodeld */ = {
			isa = XCVersionGroup;
			children = (
				C535FDFE23D50CF100AFCADA /* Reto1_progresBarValueScreen.xcdatamodel */,
			);
			currentVersion = C535FDFE23D50CF100AFCADA /* Reto1_progresBarValueScreen.xcdatamodel */;
			path = Reto1_progresBarValueScreen.xcdatamodeld;
			sourceTree = "<group>";
			versionGroupType = wrapper.xcdatamodel;
		};
/* End XCVersionGroup section */
	};
	rootObject = C535FDE923D50CF100AFCADA /* Project object */;
}
