// !$*UTF8*$!
{
	archiveVersion = 1;
	classes = {
	};
	objectVersion = 50;
	objects = {

/* Begin PBXBuildFile section */
		C50FAD462392DDFA00B1DC85 /* FileHelper.swift in Sources */ = {isa = PBXBuildFile; fileRef = C50FAD452392DDFA00B1DC85 /* FileHelper.swift */; };
		C50FAD492392F59700B1DC85 /* Moto.sqlite in Resources */ = {isa = PBXBuildFile; fileRef = C50FAD482392F59700B1DC85 /* Moto.sqlite */; };
		C50FAD502392FB1400B1DC85 /* libsqlite3.0.tbd in Frameworks */ = {isa = PBXBuildFile; fileRef = C50FAD4A2392F92600B1DC85 /* libsqlite3.0.tbd */; };
		C50FAD522392FB6400B1DC85 /* libsqlite3.0.tbd in Frameworks */ = {isa = PBXBuildFile; fileRef = C50FAD512392FB6400B1DC85 /* libsqlite3.0.tbd */; };
		C5C3635C2389CDEC008349D8 /* AppDelegate.swift in Sources */ = {isa = PBXBuildFile; fileRef = C5C3635B2389CDEC008349D8 /* AppDelegate.swift */; };
		C5C3635E2389CDEC008349D8 /* SceneDelegate.swift in Sources */ = {isa = PBXBuildFile; fileRef = C5C3635D2389CDEC008349D8 /* SceneDelegate.swift */; };
		C5C363602389CDEC008349D8 /* ViewController.swift in Sources */ = {isa = PBXBuildFile; fileRef = C5C3635F2389CDEC008349D8 /* ViewController.swift */; };
		C5C363632389CDEC008349D8 /* Main.storyboard in Resources */ = {isa = PBXBuildFile; fileRef = C5C363612389CDEC008349D8 /* Main.storyboard */; };
		C5C363662389CDED008349D8 /* SQLite.xcdatamodeld in Sources */ = {isa = PBXBuildFile; fileRef = C5C363642389CDED008349D8 /* SQLite.xcdatamodeld */; };
		C5C363682389CDEF008349D8 /* Assets.xcassets in Resources */ = {isa = PBXBuildFile; fileRef = C5C363672389CDEF008349D8 /* Assets.xcassets */; };
		C5C3636B2389CDEF008349D8 /* LaunchScreen.storyboard in Resources */ = {isa = PBXBuildFile; fileRef = C5C363692389CDEF008349D8 /* LaunchScreen.storyboard */; };
		C5C363812389CF9C008349D8 /* FMDatabase.m in Sources */ = {isa = PBXBuildFile; fileRef = C5C363762389CF9C008349D8 /* FMDatabase.m */; };
		C5C363822389CF9C008349D8 /* FMDatabaseQueue.m in Sources */ = {isa = PBXBuildFile; fileRef = C5C363782389CF9C008349D8 /* FMDatabaseQueue.m */; };
		C5C363832389CF9C008349D8 /* FMDatabaseAdditions.m in Sources */ = {isa = PBXBuildFile; fileRef = C5C363792389CF9C008349D8 /* FMDatabaseAdditions.m */; };
		C5C363842389CF9C008349D8 /* FMDatabasePool.m in Sources */ = {isa = PBXBuildFile; fileRef = C5C3637A2389CF9C008349D8 /* FMDatabasePool.m */; };
		C5C363852389CF9C008349D8 /* FMResultSet.m in Sources */ = {isa = PBXBuildFile; fileRef = C5C363802389CF9C008349D8 /* FMResultSet.m */; };
/* End PBXBuildFile section */

/* Begin PBXFileReference section */
		C50FAD452392DDFA00B1DC85 /* FileHelper.swift */ = {isa = PBXFileReference; fileEncoding = 4; lastKnownFileType = sourcecode.swift; path = FileHelper.swift; sourceTree = "<group>"; };
		C50FAD482392F59700B1DC85 /* Moto.sqlite */ = {isa = PBXFileReference; lastKnownFileType = file; path = Moto.sqlite; sourceTree = "<group>"; };
		C50FAD4A2392F92600B1DC85 /* libsqlite3.0.tbd */ = {isa = PBXFileReference; lastKnownFileType = "sourcecode.text-based-dylib-definition"; name = libsqlite3.0.tbd; path = usr/lib/libsqlite3.0.tbd; sourceTree = SDKROOT; };
		C50FAD512392FB6400B1DC85 /* libsqlite3.0.tbd */ = {isa = PBXFileReference; lastKnownFileType = "sourcecode.text-based-dylib-definition"; name = libsqlite3.0.tbd; path = usr/lib/libsqlite3.0.tbd; sourceTree = SDKROOT; };
		C5C363582389CDEC008349D8 /* SQLite.app */ = {isa = PBXFileReference; explicitFileType = wrapper.application; includeInIndex = 0; path = SQLite.app; sourceTree = BUILT_PRODUCTS_DIR; };
		C5C3635B2389CDEC008349D8 /* AppDelegate.swift */ = {isa = PBXFileReference; lastKnownFileType = sourcecode.swift; path = AppDelegate.swift; sourceTree = "<group>"; };
		C5C3635D2389CDEC008349D8 /* SceneDelegate.swift */ = {isa = PBXFileReference; lastKnownFileType = sourcecode.swift; path = SceneDelegate.swift; sourceTree = "<group>"; };
		C5C3635F2389CDEC008349D8 /* ViewController.swift */ = {isa = PBXFileReference; lastKnownFileType = sourcecode.swift; path = ViewController.swift; sourceTree = "<group>"; };
		C5C363622389CDEC008349D8 /* Base */ = {isa = PBXFileReference; lastKnownFileType = file.storyboard; name = Base; path = Base.lproj/Main.storyboard; sourceTree = "<group>"; };
		C5C363652389CDED008349D8 /* SQLite.xcdatamodel */ = {isa = PBXFileReference; lastKnownFileType = wrapper.xcdatamodel; path = SQLite.xcdatamodel; sourceTree = "<group>"; };
		C5C363672389CDEF008349D8 /* Assets.xcassets */ = {isa = PBXFileReference; lastKnownFileType = folder.assetcatalog; path = Assets.xcassets; sourceTree = "<group>"; };
		C5C3636A2389CDEF008349D8 /* Base */ = {isa = PBXFileReference; lastKnownFileType = file.storyboard; name = Base; path = Base.lproj/LaunchScreen.storyboard; sourceTree = "<group>"; };
		C5C3636C2389CDEF008349D8 /* Info.plist */ = {isa = PBXFileReference; lastKnownFileType = text.plist.xml; path = Info.plist; sourceTree = "<group>"; };
		C5C363752389CF9B008349D8 /* SQLite-Bridging-Header.h */ = {isa = PBXFileReference; lastKnownFileType = sourcecode.c.h; path = "SQLite-Bridging-Header.h"; sourceTree = "<group>"; };
		C5C363762389CF9C008349D8 /* FMDatabase.m */ = {isa = PBXFileReference; fileEncoding = 4; lastKnownFileType = sourcecode.c.objc; path = FMDatabase.m; sourceTree = "<group>"; };
		C5C363772389CF9C008349D8 /* FMDatabaseAdditions.h */ = {isa = PBXFileReference; fileEncoding = 4; lastKnownFileType = sourcecode.c.h; path = FMDatabaseAdditions.h; sourceTree = "<group>"; };
		C5C363782389CF9C008349D8 /* FMDatabaseQueue.m */ = {isa = PBXFileReference; fileEncoding = 4; lastKnownFileType = sourcecode.c.objc; path = FMDatabaseQueue.m; sourceTree = "<group>"; };
		C5C363792389CF9C008349D8 /* FMDatabaseAdditions.m */ = {isa = PBXFileReference; fileEncoding = 4; lastKnownFileType = sourcecode.c.objc; path = FMDatabaseAdditions.m; sourceTree = "<group>"; };
		C5C3637A2389CF9C008349D8 /* FMDatabasePool.m */ = {isa = PBXFileReference; fileEncoding = 4; lastKnownFileType = sourcecode.c.objc; path = FMDatabasePool.m; sourceTree = "<group>"; };
		C5C3637B2389CF9C008349D8 /* FMDB.h */ = {isa = PBXFileReference; fileEncoding = 4; lastKnownFileType = sourcecode.c.h; path = FMDB.h; sourceTree = "<group>"; };
		C5C3637C2389CF9C008349D8 /* FMDatabasePool.h */ = {isa = PBXFileReference; fileEncoding = 4; lastKnownFileType = sourcecode.c.h; path = FMDatabasePool.h; sourceTree = "<group>"; };
		C5C3637D2389CF9C008349D8 /* FMDatabase.h */ = {isa = PBXFileReference; fileEncoding = 4; lastKnownFileType = sourcecode.c.h; path = FMDatabase.h; sourceTree = "<group>"; };
		C5C3637E2389CF9C008349D8 /* FMDatabaseQueue.h */ = {isa = PBXFileReference; fileEncoding = 4; lastKnownFileType = sourcecode.c.h; path = FMDatabaseQueue.h; sourceTree = "<group>"; };
		C5C3637F2389CF9C008349D8 /* FMResultSet.h */ = {isa = PBXFileReference; fileEncoding = 4; lastKnownFileType = sourcecode.c.h; path = FMResultSet.h; sourceTree = "<group>"; };
		C5C363802389CF9C008349D8 /* FMResultSet.m */ = {isa = PBXFileReference; fileEncoding = 4; lastKnownFileType = sourcecode.c.objc; path = FMResultSet.m; sourceTree = "<group>"; };
/* End PBXFileReference section */

/* Begin PBXFrameworksBuildPhase section */
		C5C363552389CDEC008349D8 /* Frameworks */ = {
			isa = PBXFrameworksBuildPhase;
			buildActionMask = 2147483647;
			files = (
				C50FAD522392FB6400B1DC85 /* libsqlite3.0.tbd in Frameworks */,
				C50FAD502392FB1400B1DC85 /* libsqlite3.0.tbd in Frameworks */,
			);
			runOnlyForDeploymentPostprocessing = 0;
		};
/* End PBXFrameworksBuildPhase section */

/* Begin PBXGroup section */
		C50FAD4F2392FB1400B1DC85 /* Frameworks */ = {
			isa = PBXGroup;
			children = (
			);
			name = Frameworks;
			sourceTree = "<group>";
		};
		C5C3634F2389CDEC008349D8 = {
			isa = PBXGroup;
			children = (
				C50FAD482392F59700B1DC85 /* Moto.sqlite */,
				C50FAD512392FB6400B1DC85 /* libsqlite3.0.tbd */,
				C5C3635A2389CDEC008349D8 /* SQLite */,
				C5C363592389CDEC008349D8 /* Products */,
				C50FAD4F2392FB1400B1DC85 /* Frameworks */,
			);
			sourceTree = "<group>";
		};
		C5C363592389CDEC008349D8 /* Products */ = {
			isa = PBXGroup;
			children = (
				C5C363582389CDEC008349D8 /* SQLite.app */,
			);
			name = Products;
			sourceTree = "<group>";
		};
		C5C3635A2389CDEC008349D8 /* SQLite */ = {
			isa = PBXGroup;
			children = (
				C5C363862389CFC9008349D8 /* libFMDB */,
				C5C3635B2389CDEC008349D8 /* AppDelegate.swift */,
				C5C3635D2389CDEC008349D8 /* SceneDelegate.swift */,
				C5C3635F2389CDEC008349D8 /* ViewController.swift */,
				C50FAD452392DDFA00B1DC85 /* FileHelper.swift */,
				C5C363612389CDEC008349D8 /* Main.storyboard */,
				C5C363672389CDEF008349D8 /* Assets.xcassets */,
				C50FAD4A2392F92600B1DC85 /* libsqlite3.0.tbd */,
				C5C363692389CDEF008349D8 /* LaunchScreen.storyboard */,
				C5C3636C2389CDEF008349D8 /* Info.plist */,
				C5C363642389CDED008349D8 /* SQLite.xcdatamodeld */,
			);
			path = SQLite;
			sourceTree = "<group>";
		};
		C5C363862389CFC9008349D8 /* libFMDB */ = {
			isa = PBXGroup;
			children = (
				C5C363752389CF9B008349D8 /* SQLite-Bridging-Header.h */,
				C5C3637D2389CF9C008349D8 /* FMDatabase.h */,
				C5C363762389CF9C008349D8 /* FMDatabase.m */,
				C5C363772389CF9C008349D8 /* FMDatabaseAdditions.h */,
				C5C363792389CF9C008349D8 /* FMDatabaseAdditions.m */,
				C5C3637C2389CF9C008349D8 /* FMDatabasePool.h */,
				C5C3637A2389CF9C008349D8 /* FMDatabasePool.m */,
				C5C3637E2389CF9C008349D8 /* FMDatabaseQueue.h */,
				C5C3637F2389CF9C008349D8 /* FMResultSet.h */,
				C5C363802389CF9C008349D8 /* FMResultSet.m */,
				C5C363782389CF9C008349D8 /* FMDatabaseQueue.m */,
				C5C3637B2389CF9C008349D8 /* FMDB.h */,
			);
			path = libFMDB;
			sourceTree = "<group>";
		};
/* End PBXGroup section */

/* Begin PBXNativeTarget section */
		C5C363572389CDEC008349D8 /* SQLite */ = {
			isa = PBXNativeTarget;
			buildConfigurationList = C5C3636F2389CDEF008349D8 /* Build configuration list for PBXNativeTarget "SQLite" */;
			buildPhases = (
				C5C363542389CDEC008349D8 /* Sources */,
				C5C363552389CDEC008349D8 /* Frameworks */,
				C5C363562389CDEC008349D8 /* Resources */,
			);
			buildRules = (
			);
			dependencies = (
			);
			name = SQLite;
			productName = SQLite;
			productReference = C5C363582389CDEC008349D8 /* SQLite.app */;
			productType = "com.apple.product-type.application";
		};
/* End PBXNativeTarget section */

/* Begin PBXProject section */
		C5C363502389CDEC008349D8 /* Project object */ = {
			isa = PBXProject;
			attributes = {
				LastSwiftUpdateCheck = 1100;
				LastUpgradeCheck = 1100;
				ORGANIZATIONNAME = "EDUARDO MEJIA";
				TargetAttributes = {
					C5C363572389CDEC008349D8 = {
						CreatedOnToolsVersion = 11.0;
						LastSwiftMigration = 1100;
					};
				};
			};
			buildConfigurationList = C5C363532389CDEC008349D8 /* Build configuration list for PBXProject "SQLite" */;
			compatibilityVersion = "Xcode 9.3";
			developmentRegion = en;
			hasScannedForEncodings = 0;
			knownRegions = (
				en,
				Base,
			);
			mainGroup = C5C3634F2389CDEC008349D8;
			productRefGroup = C5C363592389CDEC008349D8 /* Products */;
			projectDirPath = "";
			projectRoot = "";
			targets = (
				C5C363572389CDEC008349D8 /* SQLite */,
			);
		};
/* End PBXProject section */

/* Begin PBXResourcesBuildPhase section */
		C5C363562389CDEC008349D8 /* Resources */ = {
			isa = PBXResourcesBuildPhase;
			buildActionMask = 2147483647;
			files = (
				C50FAD492392F59700B1DC85 /* Moto.sqlite in Resources */,
				C5C3636B2389CDEF008349D8 /* LaunchScreen.storyboard in Resources */,
				C5C363682389CDEF008349D8 /* Assets.xcassets in Resources */,
				C5C363632389CDEC008349D8 /* Main.storyboard in Resources */,
			);
			runOnlyForDeploymentPostprocessing = 0;
		};
/* End PBXResourcesBuildPhase section */

/* Begin PBXSourcesBuildPhase section */
		C5C363542389CDEC008349D8 /* Sources */ = {
			isa = PBXSourcesBuildPhase;
			buildActionMask = 2147483647;
			files = (
				C5C363602389CDEC008349D8 /* ViewController.swift in Sources */,
				C5C363662389CDED008349D8 /* SQLite.xcdatamodeld in Sources */,
				C5C3635C2389CDEC008349D8 /* AppDelegate.swift in Sources */,
				C5C363812389CF9C008349D8 /* FMDatabase.m in Sources */,
				C5C3635E2389CDEC008349D8 /* SceneDelegate.swift in Sources */,
				C5C363842389CF9C008349D8 /* FMDatabasePool.m in Sources */,
				C5C363852389CF9C008349D8 /* FMResultSet.m in Sources */,
				C5C363832389CF9C008349D8 /* FMDatabaseAdditions.m in Sources */,
				C5C363822389CF9C008349D8 /* FMDatabaseQueue.m in Sources */,
				C50FAD462392DDFA00B1DC85 /* FileHelper.swift in Sources */,
			);
			runOnlyForDeploymentPostprocessing = 0;
		};
/* End PBXSourcesBuildPhase section */

/* Begin PBXVariantGroup section */
		C5C363612389CDEC008349D8 /* Main.storyboard */ = {
			isa = PBXVariantGroup;
			children = (
				C5C363622389CDEC008349D8 /* Base */,
			);
			name = Main.storyboard;
			sourceTree = "<group>";
		};
		C5C363692389CDEF008349D8 /* LaunchScreen.storyboard */ = {
			isa = PBXVariantGroup;
			children = (
				C5C3636A2389CDEF008349D8 /* Base */,
			);
			name = LaunchScreen.storyboard;
			sourceTree = "<group>";
		};
/* End PBXVariantGroup section */

/* Begin XCBuildConfiguration section */
		C5C3636D2389CDEF008349D8 /* Debug */ = {
			isa = XCBuildConfiguration;
			buildSettings = {
				ALWAYS_SEARCH_USER_PATHS = NO;
				CLANG_ANALYZER_NONNULL = YES;
				CLANG_ANALYZER_NUMBER_OBJECT_CONVERSION = YES_AGGRESSIVE;
				CLANG_CXX_LANGUAGE_STANDARD = "gnu++14";
				CLANG_CXX_LIBRARY = "libc++";
				CLANG_ENABLE_MODULES = YES;
				CLANG_ENABLE_OBJC_ARC = YES;
				CLANG_ENABLE_OBJC_WEAK = YES;
				CLANG_WARN_BLOCK_CAPTURE_AUTORELEASING = YES;
				CLANG_WARN_BOOL_CONVERSION = YES;
				CLANG_WARN_COMMA = YES;
				CLANG_WARN_CONSTANT_CONVERSION = YES;
				CLANG_WARN_DEPRECATED_OBJC_IMPLEMENTATIONS = YES;
				CLANG_WARN_DIRECT_OBJC_ISA_USAGE = YES_ERROR;
				CLANG_WARN_DOCUMENTATION_COMMENTS = YES;
				CLANG_WARN_EMPTY_BODY = YES;
				CLANG_WARN_ENUM_CONVERSION = YES;
				CLANG_WARN_INFINITE_RECURSION = YES;
				CLANG_WARN_INT_CONVERSION = YES;
				CLANG_WARN_NON_LITERAL_NULL_CONVERSION = YES;
				CLANG_WARN_OBJC_IMPLICIT_RETAIN_SELF = YES;
				CLANG_WARN_OBJC_LITERAL_CONVERSION = YES;
				CLANG_WARN_OBJC_ROOT_CLASS = YES_ERROR;
				CLANG_WARN_RANGE_LOOP_ANALYSIS = YES;
				CLANG_WARN_STRICT_PROTOTYPES = YES;
				CLANG_WARN_SUSPICIOUS_MOVE = YES;
				CLANG_WARN_UNGUARDED_AVAILABILITY = YES_AGGRESSIVE;
				CLANG_WARN_UNREACHABLE_CODE = YES;
				CLANG_WARN__DUPLICATE_METHOD_MATCH = YES;
				COPY_PHASE_STRIP = NO;
				DEBUG_INFORMATION_FORMAT = dwarf;
				ENABLE_STRICT_OBJC_MSGSEND = YES;
				ENABLE_TESTABILITY = YES;
				GCC_C_LANGUAGE_STANDARD = gnu11;
				GCC_DYNAMIC_NO_PIC = NO;
				GCC_NO_COMMON_BLOCKS = YES;
				GCC_OPTIMIZATION_LEVEL = 0;
				GCC_PREPROCESSOR_DEFINITIONS = (
					"DEBUG=1",
					"$(inherited)",
				);
				GCC_WARN_64_TO_32_BIT_CONVERSION = YES;
				GCC_WARN_ABOUT_RETURN_TYPE = YES_ERROR;
				GCC_WARN_UNDECLARED_SELECTOR = YES;
				GCC_WARN_UNINITIALIZED_AUTOS = YES_AGGRESSIVE;
				GCC_WARN_UNUSED_FUNCTION = YES;
				GCC_WARN_UNUSED_VARIABLE = YES;
				IPHONEOS_DEPLOYMENT_TARGET = 13.0;
				MTL_ENABLE_DEBUG_INFO = INCLUDE_SOURCE;
				MTL_FAST_MATH = YES;
				ONLY_ACTIVE_ARCH = YES;
				SDKROOT = iphoneos;
				SWIFT_ACTIVE_COMPILATION_CONDITIONS = DEBUG;
				SWIFT_OPTIMIZATION_LEVEL = "-Onone";
			};
			name = Debug;
		};
		C5C3636E2389CDEF008349D8 /* Release */ = {
			isa = XCBuildConfiguration;
			buildSettings = {
				ALWAYS_SEARCH_USER_PATHS = NO;
				CLANG_ANALYZER_NONNULL = YES;
				CLANG_ANALYZER_NUMBER_OBJECT_CONVERSION = YES_AGGRESSIVE;
				CLANG_CXX_LANGUAGE_STANDARD = "gnu++14";
				CLANG_CXX_LIBRARY = "libc++";
				CLANG_ENABLE_MODULES = YES;
				CLANG_ENABLE_OBJC_ARC = YES;
				CLANG_ENABLE_OBJC_WEAK = YES;
				CLANG_WARN_BLOCK_CAPTURE_AUTORELEASING = YES;
				CLANG_WARN_BOOL_CONVERSION = YES;
				CLANG_WARN_COMMA = YES;
				CLANG_WARN_CONSTANT_CONVERSION = YES;
				CLANG_WARN_DEPRECATED_OBJC_IMPLEMENTATIONS = YES;
				CLANG_WARN_DIRECT_OBJC_ISA_USAGE = YES_ERROR;
				CLANG_WARN_DOCUMENTATION_COMMENTS = YES;
				CLANG_WARN_EMPTY_BODY = YES;
				CLANG_WARN_ENUM_CONVERSION = YES;
				CLANG_WARN_INFINITE_RECURSION = YES;
				CLANG_WARN_INT_CONVERSION = YES;
				CLANG_WARN_NON_LITERAL_NULL_CONVERSION = YES;
				CLANG_WARN_OBJC_IMPLICIT_RETAIN_SELF = YES;
				CLANG_WARN_OBJC_LITERAL_CONVERSION = YES;
				CLANG_WARN_OBJC_ROOT_CLASS = YES_ERROR;
				CLANG_WARN_RANGE_LOOP_ANALYSIS = YES;
				CLANG_WARN_STRICT_PROTOTYPES = YES;
				CLANG_WARN_SUSPICIOUS_MOVE = YES;
				CLANG_WARN_UNGUARDED_AVAILABILITY = YES_AGGRESSIVE;
				CLANG_WARN_UNREACHABLE_CODE = YES;
				CLANG_WARN__DUPLICATE_METHOD_MATCH = YES;
				COPY_PHASE_STRIP = NO;
				DEBUG_INFORMATION_FORMAT = "dwarf-with-dsym";
				ENABLE_NS_ASSERTIONS = NO;
				ENABLE_STRICT_OBJC_MSGSEND = YES;
				GCC_C_LANGUAGE_STANDARD = gnu11;
				GCC_NO_COMMON_BLOCKS = YES;
				GCC_WARN_64_TO_32_BIT_CONVERSION = YES;
				GCC_WARN_ABOUT_RETURN_TYPE = YES_ERROR;
				GCC_WARN_UNDECLARED_SELECTOR = YES;
				GCC_WARN_UNINITIALIZED_AUTOS = YES_AGGRESSIVE;
				GCC_WARN_UNUSED_FUNCTION = YES;
				GCC_WARN_UNUSED_VARIABLE = YES;
				IPHONEOS_DEPLOYMENT_TARGET = 13.0;
				MTL_ENABLE_DEBUG_INFO = NO;
				MTL_FAST_MATH = YES;
				SDKROOT = iphoneos;
				SWIFT_COMPILATION_MODE = wholemodule;
				SWIFT_OPTIMIZATION_LEVEL = "-O";
				VALIDATE_PRODUCT = YES;
			};
			name = Release;
		};
		C5C363702389CDEF008349D8 /* Debug */ = {
			isa = XCBuildConfiguration;
			buildSettings = {
				ASSETCATALOG_COMPILER_APPICON_NAME = AppIcon;
				CLANG_ENABLE_MODULES = YES;
				CODE_SIGN_STYLE = Automatic;
				INFOPLIST_FILE = SQLite/Info.plist;
				LD_RUNPATH_SEARCH_PATHS = (
					"$(inherited)",
					"@executable_path/Frameworks",
				);
				PRODUCT_BUNDLE_IDENTIFIER = com.eduardomejia.SQLite;
				PRODUCT_NAME = "$(TARGET_NAME)";
				SWIFT_OBJC_BRIDGING_HEADER = "SQLite/libFMDB/SQLite-Bridging-Header.h";
				SWIFT_OPTIMIZATION_LEVEL = "-Onone";
				SWIFT_VERSION = 5.0;
				TARGETED_DEVICE_FAMILY = "1,2";
			};
			name = Debug;
		};
		C5C363712389CDEF008349D8 /* Release */ = {
			isa = XCBuildConfiguration;
			buildSettings = {
				ASSETCATALOG_COMPILER_APPICON_NAME = AppIcon;
				CLANG_ENABLE_MODULES = YES;
				CODE_SIGN_STYLE = Automatic;
				INFOPLIST_FILE = SQLite/Info.plist;
				LD_RUNPATH_SEARCH_PATHS = (
					"$(inherited)",
					"@executable_path/Frameworks",
				);
				PRODUCT_BUNDLE_IDENTIFIER = com.eduardomejia.SQLite;
				PRODUCT_NAME = "$(TARGET_NAME)";
				SWIFT_OBJC_BRIDGING_HEADER = "SQLite/libFMDB/SQLite-Bridging-Header.h";
				SWIFT_VERSION = 5.0;
				TARGETED_DEVICE_FAMILY = "1,2";
			};
			name = Release;
		};
/* End XCBuildConfiguration section */

/* Begin XCConfigurationList section */
		C5C363532389CDEC008349D8 /* Build configuration list for PBXProject "SQLite" */ = {
			isa = XCConfigurationList;
			buildConfigurations = (
				C5C3636D2389CDEF008349D8 /* Debug */,
				C5C3636E2389CDEF008349D8 /* Release */,
			);
			defaultConfigurationIsVisible = 0;
			defaultConfigurationName = Release;
		};
		C5C3636F2389CDEF008349D8 /* Build configuration list for PBXNativeTarget "SQLite" */ = {
			isa = XCConfigurationList;
			buildConfigurations = (
				C5C363702389CDEF008349D8 /* Debug */,
				C5C363712389CDEF008349D8 /* Release */,
			);
			defaultConfigurationIsVisible = 0;
			defaultConfigurationName = Release;
		};
/* End XCConfigurationList section */

/* Begin XCVersionGroup section */
		C5C363642389CDED008349D8 /* SQLite.xcdatamodeld */ = {
			isa = XCVersionGroup;
			children = (
				C5C363652389CDED008349D8 /* SQLite.xcdatamodel */,
			);
			currentVersion = C5C363652389CDED008349D8 /* SQLite.xcdatamodel */;
			path = SQLite.xcdatamodeld;
			sourceTree = "<group>";
			versionGroupType = wrapper.xcdatamodel;
		};
/* End XCVersionGroup section */
	};
	rootObject = C5C363502389CDEC008349D8 /* Project object */;
}
