// !$*UTF8*$!
{
	archiveVersion = 1;
	classes = {
	};
	objectVersion = 50;
	objects = {

/* Begin PBXBuildFile section */
		C535FE1823D57B3C00AFCADA /* AppDelegate.swift in Sources */ = {isa = PBXBuildFile; fileRef = C535FE1723D57B3C00AFCADA /* AppDelegate.swift */; };
		C535FE1A23D57B3C00AFCADA /* SceneDelegate.swift in Sources */ = {isa = PBXBuildFile; fileRef = C535FE1923D57B3C00AFCADA /* SceneDelegate.swift */; };
		C535FE1C23D57B3C00AFCADA /* ViewController.swift in Sources */ = {isa = PBXBuildFile; fileRef = C535FE1B23D57B3C00AFCADA /* ViewController.swift */; };
		C535FE1F23D57B3C00AFCADA /* Main.storyboard in Resources */ = {isa = PBXBuildFile; fileRef = C535FE1D23D57B3C00AFCADA /* Main.storyboard */; };
		C535FE2223D57B3C00AFCADA /* self.xcdatamodeld in Sources */ = {isa = PBXBuildFile; fileRef = C535FE2023D57B3C00AFCADA /* self.xcdatamodeld */; };
		C535FE2423D57B4000AFCADA /* Assets.xcassets in Resources */ = {isa = PBXBuildFile; fileRef = C535FE2323D57B4000AFCADA /* Assets.xcassets */; };
		C535FE2723D57B4000AFCADA /* LaunchScreen.storyboard in Resources */ = {isa = PBXBuildFile; fileRef = C535FE2523D57B4000AFCADA /* LaunchScreen.storyboard */; };
/* End PBXBuildFile section */

/* Begin PBXFileReference section */
		C535FE1423D57B3C00AFCADA /* self.app */ = {isa = PBXFileReference; explicitFileType = wrapper.application; includeInIndex = 0; path = self.app; sourceTree = BUILT_PRODUCTS_DIR; };
		C535FE1723D57B3C00AFCADA /* AppDelegate.swift */ = {isa = PBXFileReference; lastKnownFileType = sourcecode.swift; path = AppDelegate.swift; sourceTree = "<group>"; };
		C535FE1923D57B3C00AFCADA /* SceneDelegate.swift */ = {isa = PBXFileReference; lastKnownFileType = sourcecode.swift; path = SceneDelegate.swift; sourceTree = "<group>"; };
		C535FE1B23D57B3C00AFCADA /* ViewController.swift */ = {isa = PBXFileReference; lastKnownFileType = sourcecode.swift; path = ViewController.swift; sourceTree = "<group>"; };
		C535FE1E23D57B3C00AFCADA /* Base */ = {isa = PBXFileReference; lastKnownFileType = file.storyboard; name = Base; path = Base.lproj/Main.storyboard; sourceTree = "<group>"; };
		C535FE2123D57B3C00AFCADA /* self.xcdatamodel */ = {isa = PBXFileReference; lastKnownFileType = wrapper.xcdatamodel; path = self.xcdatamodel; sourceTree = "<group>"; };
		C535FE2323D57B4000AFCADA /* Assets.xcassets */ = {isa = PBXFileReference; lastKnownFileType = folder.assetcatalog; path = Assets.xcassets; sourceTree = "<group>"; };
		C535FE2623D57B4000AFCADA /* Base */ = {isa = PBXFileReference; lastKnownFileType = file.storyboard; name = Base; path = Base.lproj/LaunchScreen.storyboard; sourceTree = "<group>"; };
		C535FE2823D57B4000AFCADA /* Info.plist */ = {isa = PBXFileReference; lastKnownFileType = text.plist.xml; path = Info.plist; sourceTree = "<group>"; };
/* End PBXFileReference section */

/* Begin PBXFrameworksBuildPhase section */
		C535FE1123D57B3C00AFCADA /* Frameworks */ = {
			isa = PBXFrameworksBuildPhase;
			buildActionMask = 2147483647;
			files = (
			);
			runOnlyForDeploymentPostprocessing = 0;
		};
/* End PBXFrameworksBuildPhase section */

/* Begin PBXGroup section */
		C535FE0B23D57B3C00AFCADA = {
			isa = PBXGroup;
			children = (
				C535FE1623D57B3C00AFCADA /* self */,
				C535FE1523D57B3C00AFCADA /* Products */,
			);
			sourceTree = "<group>";
		};
		C535FE1523D57B3C00AFCADA /* Products */ = {
			isa = PBXGroup;
			children = (
				C535FE1423D57B3C00AFCADA /* self.app */,
			);
			name = Products;
			sourceTree = "<group>";
		};
		C535FE1623D57B3C00AFCADA /* self */ = {
			isa = PBXGroup;
			children = (
				C535FE1723D57B3C00AFCADA /* AppDelegate.swift */,
				C535FE1923D57B3C00AFCADA /* SceneDelegate.swift */,
				C535FE1B23D57B3C00AFCADA /* ViewController.swift */,
				C535FE1D23D57B3C00AFCADA /* Main.storyboard */,
				C535FE2323D57B4000AFCADA /* Assets.xcassets */,
				C535FE2523D57B4000AFCADA /* LaunchScreen.storyboard */,
				C535FE2823D57B4000AFCADA /* Info.plist */,
				C535FE2023D57B3C00AFCADA /* self.xcdatamodeld */,
			);
			path = self;
			sourceTree = "<group>";
		};
/* End PBXGroup section */

/* Begin PBXNativeTarget section */
		C535FE1323D57B3C00AFCADA /* self */ = {
			isa = PBXNativeTarget;
			buildConfigurationList = C535FE2B23D57B4000AFCADA /* Build configuration list for PBXNativeTarget "self" */;
			buildPhases = (
				C535FE1023D57B3C00AFCADA /* Sources */,
				C535FE1123D57B3C00AFCADA /* Frameworks */,
				C535FE1223D57B3C00AFCADA /* Resources */,
			);
			buildRules = (
			);
			dependencies = (
			);
			name = self;
			productName = self;
			productReference = C535FE1423D57B3C00AFCADA /* self.app */;
			productType = "com.apple.product-type.application";
		};
/* End PBXNativeTarget section */

/* Begin PBXProject section */
		C535FE0C23D57B3C00AFCADA /* Project object */ = {
			isa = PBXProject;
			attributes = {
				LastSwiftUpdateCheck = 1130;
				LastUpgradeCheck = 1130;
				ORGANIZATIONNAME = EDDIEWARE;
				TargetAttributes = {
					C535FE1323D57B3C00AFCADA = {
						CreatedOnToolsVersion = 11.3;
					};
				};
			};
			buildConfigurationList = C535FE0F23D57B3C00AFCADA /* Build configuration list for PBXProject "self" */;
			compatibilityVersion = "Xcode 9.3";
			developmentRegion = en;
			hasScannedForEncodings = 0;
			knownRegions = (
				en,
				Base,
			);
			mainGroup = C535FE0B23D57B3C00AFCADA;
			productRefGroup = C535FE1523D57B3C00AFCADA /* Products */;
			projectDirPath = "";
			projectRoot = "";
			targets = (
				C535FE1323D57B3C00AFCADA /* self */,
			);
		};
/* End PBXProject section */

/* Begin PBXResourcesBuildPhase section */
		C535FE1223D57B3C00AFCADA /* Resources */ = {
			isa = PBXResourcesBuildPhase;
			buildActionMask = 2147483647;
			files = (
				C535FE2723D57B4000AFCADA /* LaunchScreen.storyboard in Resources */,
				C535FE2423D57B4000AFCADA /* Assets.xcassets in Resources */,
				C535FE1F23D57B3C00AFCADA /* Main.storyboard in Resources */,
			);
			runOnlyForDeploymentPostprocessing = 0;
		};
/* End PBXResourcesBuildPhase section */

/* Begin PBXSourcesBuildPhase section */
		C535FE1023D57B3C00AFCADA /* Sources */ = {
			isa = PBXSourcesBuildPhase;
			buildActionMask = 2147483647;
			files = (
				C535FE1C23D57B3C00AFCADA /* ViewController.swift in Sources */,
				C535FE1823D57B3C00AFCADA /* AppDelegate.swift in Sources */,
				C535FE1A23D57B3C00AFCADA /* SceneDelegate.swift in Sources */,
				C535FE2223D57B3C00AFCADA /* self.xcdatamodeld in Sources */,
			);
			runOnlyForDeploymentPostprocessing = 0;
		};
/* End PBXSourcesBuildPhase section */

/* Begin PBXVariantGroup section */
		C535FE1D23D57B3C00AFCADA /* Main.storyboard */ = {
			isa = PBXVariantGroup;
			children = (
				C535FE1E23D57B3C00AFCADA /* Base */,
			);
			name = Main.storyboard;
			sourceTree = "<group>";
		};
		C535FE2523D57B4000AFCADA /* LaunchScreen.storyboard */ = {
			isa = PBXVariantGroup;
			children = (
				C535FE2623D57B4000AFCADA /* Base */,
			);
			name = LaunchScreen.storyboard;
			sourceTree = "<group>";
		};
/* End PBXVariantGroup section */

/* Begin XCBuildConfiguration section */
		C535FE2923D57B4000AFCADA /* Debug */ = {
			isa = XCBuildConfiguration;
			buildSettings = {
				ALWAYS_SEARCH_USER_PATHS = NO;
				CLANG_ANALYZER_NONNULL = YES;
				CLANG_ANALYZER_NUMBER_OBJECT_CONVERSION = YES_AGGRESSIVE;
				CLANG_CXX_LANGUAGE_STANDARD = "gnu++14";
				CLANG_CXX_LIBRARY = "libc++";
				CLANG_ENABLE_MODULES = YES;
				CLANG_ENABLE_OBJC_ARC = YES;
				CLANG_ENABLE_OBJC_WEAK = YES;
				CLANG_WARN_BLOCK_CAPTURE_AUTORELEASING = YES;
				CLANG_WARN_BOOL_CONVERSION = YES;
				CLANG_WARN_COMMA = YES;
				CLANG_WARN_CONSTANT_CONVERSION = YES;
				CLANG_WARN_DEPRECATED_OBJC_IMPLEMENTATIONS = YES;
				CLANG_WARN_DIRECT_OBJC_ISA_USAGE = YES_ERROR;
				CLANG_WARN_DOCUMENTATION_COMMENTS = YES;
				CLANG_WARN_EMPTY_BODY = YES;
				CLANG_WARN_ENUM_CONVERSION = YES;
				CLANG_WARN_INFINITE_RECURSION = YES;
				CLANG_WARN_INT_CONVERSION = YES;
				CLANG_WARN_NON_LITERAL_NULL_CONVERSION = YES;
				CLANG_WARN_OBJC_IMPLICIT_RETAIN_SELF = YES;
				CLANG_WARN_OBJC_LITERAL_CONVERSION = YES;
				CLANG_WARN_OBJC_ROOT_CLASS = YES_ERROR;
				CLANG_WARN_RANGE_LOOP_ANALYSIS = YES;
				CLANG_WARN_STRICT_PROTOTYPES = YES;
				CLANG_WARN_SUSPICIOUS_MOVE = YES;
				CLANG_WARN_UNGUARDED_AVAILABILITY = YES_AGGRESSIVE;
				CLANG_WARN_UNREACHABLE_CODE = YES;
				CLANG_WARN__DUPLICATE_METHOD_MATCH = YES;
				COPY_PHASE_STRIP = NO;
				DEBUG_INFORMATION_FORMAT = dwarf;
				ENABLE_STRICT_OBJC_MSGSEND = YES;
				ENABLE_TESTABILITY = YES;
				GCC_C_LANGUAGE_STANDARD = gnu11;
				GCC_DYNAMIC_NO_PIC = NO;
				GCC_NO_COMMON_BLOCKS = YES;
				GCC_OPTIMIZATION_LEVEL = 0;
				GCC_PREPROCESSOR_DEFINITIONS = (
					"DEBUG=1",
					"$(inherited)",
				);
				GCC_WARN_64_TO_32_BIT_CONVERSION = YES;
				GCC_WARN_ABOUT_RETURN_TYPE = YES_ERROR;
				GCC_WARN_UNDECLARED_SELECTOR = YES;
				GCC_WARN_UNINITIALIZED_AUTOS = YES_AGGRESSIVE;
				GCC_WARN_UNUSED_FUNCTION = YES;
				GCC_WARN_UNUSED_VARIABLE = YES;
				IPHONEOS_DEPLOYMENT_TARGET = 13.2;
				MTL_ENABLE_DEBUG_INFO = INCLUDE_SOURCE;
				MTL_FAST_MATH = YES;
				ONLY_ACTIVE_ARCH = YES;
				SDKROOT = iphoneos;
				SWIFT_ACTIVE_COMPILATION_CONDITIONS = DEBUG;
				SWIFT_OPTIMIZATION_LEVEL = "-Onone";
			};
			name = Debug;
		};
		C535FE2A23D57B4000AFCADA /* Release */ = {
			isa = XCBuildConfiguration;
			buildSettings = {
				ALWAYS_SEARCH_USER_PATHS = NO;
				CLANG_ANALYZER_NONNULL = YES;
				CLANG_ANALYZER_NUMBER_OBJECT_CONVERSION = YES_AGGRESSIVE;
				CLANG_CXX_LANGUAGE_STANDARD = "gnu++14";
				CLANG_CXX_LIBRARY = "libc++";
				CLANG_ENABLE_MODULES = YES;
				CLANG_ENABLE_OBJC_ARC = YES;
				CLANG_ENABLE_OBJC_WEAK = YES;
				CLANG_WARN_BLOCK_CAPTURE_AUTORELEASING = YES;
				CLANG_WARN_BOOL_CONVERSION = YES;
				CLANG_WARN_COMMA = YES;
				CLANG_WARN_CONSTANT_CONVERSION = YES;
				CLANG_WARN_DEPRECATED_OBJC_IMPLEMENTATIONS = YES;
				CLANG_WARN_DIRECT_OBJC_ISA_USAGE = YES_ERROR;
				CLANG_WARN_DOCUMENTATION_COMMENTS = YES;
				CLANG_WARN_EMPTY_BODY = YES;
				CLANG_WARN_ENUM_CONVERSION = YES;
				CLANG_WARN_INFINITE_RECURSION = YES;
				CLANG_WARN_INT_CONVERSION = YES;
				CLANG_WARN_NON_LITERAL_NULL_CONVERSION = YES;
				CLANG_WARN_OBJC_IMPLICIT_RETAIN_SELF = YES;
				CLANG_WARN_OBJC_LITERAL_CONVERSION = YES;
				CLANG_WARN_OBJC_ROOT_CLASS = YES_ERROR;
				CLANG_WARN_RANGE_LOOP_ANALYSIS = YES;
				CLANG_WARN_STRICT_PROTOTYPES = YES;
				CLANG_WARN_SUSPICIOUS_MOVE = YES;
				CLANG_WARN_UNGUARDED_AVAILABILITY = YES_AGGRESSIVE;
				CLANG_WARN_UNREACHABLE_CODE = YES;
				CLANG_WARN__DUPLICATE_METHOD_MATCH = YES;
				COPY_PHASE_STRIP = NO;
				DEBUG_INFORMATION_FORMAT = "dwarf-with-dsym";
				ENABLE_NS_ASSERTIONS = NO;
				ENABLE_STRICT_OBJC_MSGSEND = YES;
				GCC_C_LANGUAGE_STANDARD = gnu11;
				GCC_NO_COMMON_BLOCKS = YES;
				GCC_WARN_64_TO_32_BIT_CONVERSION = YES;
				GCC_WARN_ABOUT_RETURN_TYPE = YES_ERROR;
				GCC_WARN_UNDECLARED_SELECTOR = YES;
				GCC_WARN_UNINITIALIZED_AUTOS = YES_AGGRESSIVE;
				GCC_WARN_UNUSED_FUNCTION = YES;
				GCC_WARN_UNUSED_VARIABLE = YES;
				IPHONEOS_DEPLOYMENT_TARGET = 13.2;
				MTL_ENABLE_DEBUG_INFO = NO;
				MTL_FAST_MATH = YES;
				SDKROOT = iphoneos;
				SWIFT_COMPILATION_MODE = wholemodule;
				SWIFT_OPTIMIZATION_LEVEL = "-O";
				VALIDATE_PRODUCT = YES;
			};
			name = Release;
		};
		C535FE2C23D57B4000AFCADA /* Debug */ = {
			isa = XCBuildConfiguration;
			buildSettings = {
				ASSETCATALOG_COMPILER_APPICON_NAME = AppIcon;
				CODE_SIGN_STYLE = Automatic;
				INFOPLIST_FILE = self/Info.plist;
				LD_RUNPATH_SEARCH_PATHS = (
					"$(inherited)",
					"@executable_path/Frameworks",
				);
				PRODUCT_BUNDLE_IDENTIFIER = com.eduardomejia.self;
				PRODUCT_NAME = "$(TARGET_NAME)";
				SWIFT_VERSION = 5.0;
				TARGETED_DEVICE_FAMILY = "1,2";
			};
			name = Debug;
		};
		C535FE2D23D57B4000AFCADA /* Release */ = {
			isa = XCBuildConfiguration;
			buildSettings = {
				ASSETCATALOG_COMPILER_APPICON_NAME = AppIcon;
				CODE_SIGN_STYLE = Automatic;
				INFOPLIST_FILE = self/Info.plist;
				LD_RUNPATH_SEARCH_PATHS = (
					"$(inherited)",
					"@executable_path/Frameworks",
				);
				PRODUCT_BUNDLE_IDENTIFIER = com.eduardomejia.self;
				PRODUCT_NAME = "$(TARGET_NAME)";
				SWIFT_VERSION = 5.0;
				TARGETED_DEVICE_FAMILY = "1,2";
			};
			name = Release;
		};
/* End XCBuildConfiguration section */

/* Begin XCConfigurationList section */
		C535FE0F23D57B3C00AFCADA /* Build configuration list for PBXProject "self" */ = {
			isa = XCConfigurationList;
			buildConfigurations = (
				C535FE2923D57B4000AFCADA /* Debug */,
				C535FE2A23D57B4000AFCADA /* Release */,
			);
			defaultConfigurationIsVisible = 0;
			defaultConfigurationName = Release;
		};
		C535FE2B23D57B4000AFCADA /* Build configuration list for PBXNativeTarget "self" */ = {
			isa = XCConfigurationList;
			buildConfigurations = (
				C535FE2C23D57B4000AFCADA /* Debug */,
				C535FE2D23D57B4000AFCADA /* Release */,
			);
			defaultConfigurationIsVisible = 0;
			defaultConfigurationName = Release;
		};
/* End XCConfigurationList section */

/* Begin XCVersionGroup section */
		C535FE2023D57B3C00AFCADA /* self.xcdatamodeld */ = {
			isa = XCVersionGroup;
			children = (
				C535FE2123D57B3C00AFCADA /* self.xcdatamodel */,
			);
			currentVersion = C535FE2123D57B3C00AFCADA /* self.xcdatamodel */;
			path = self.xcdatamodeld;
			sourceTree = "<group>";
			versionGroupType = wrapper.xcdatamodel;
		};
/* End XCVersionGroup section */
	};
	rootObject = C535FE0C23D57B3C00AFCADA /* Project object */;
}
