// !$*UTF8*$!
{
	archiveVersion = 1;
	classes = {
	};
	objectVersion = 50;
	objects = {

/* Begin PBXBuildFile section */
		C55BC2F22352380E006D9C8D /* AppDelegate.swift in Sources */ = {isa = PBXBuildFile; fileRef = C55BC2F12352380E006D9C8D /* AppDelegate.swift */; };
		C55BC2F42352380E006D9C8D /* SceneDelegate.swift in Sources */ = {isa = PBXBuildFile; fileRef = C55BC2F32352380E006D9C8D /* SceneDelegate.swift */; };
		C55BC2F62352380E006D9C8D /* ViewController.swift in Sources */ = {isa = PBXBuildFile; fileRef = C55BC2F52352380E006D9C8D /* ViewController.swift */; };
		C55BC2F92352380E006D9C8D /* Main.storyboard in Resources */ = {isa = PBXBuildFile; fileRef = C55BC2F72352380E006D9C8D /* Main.storyboard */; };
		C55BC2FB23523811006D9C8D /* Assets.xcassets in Resources */ = {isa = PBXBuildFile; fileRef = C55BC2FA23523811006D9C8D /* Assets.xcassets */; };
		C55BC2FE23523811006D9C8D /* LaunchScreen.storyboard in Resources */ = {isa = PBXBuildFile; fileRef = C55BC2FC23523811006D9C8D /* LaunchScreen.storyboard */; };
		C55BC30923523811006D9C8D /* PrimeraAppTests.swift in Sources */ = {isa = PBXBuildFile; fileRef = C55BC30823523811006D9C8D /* PrimeraAppTests.swift */; };
		C55BC31423523811006D9C8D /* PrimeraAppUITests.swift in Sources */ = {isa = PBXBuildFile; fileRef = C55BC31323523811006D9C8D /* PrimeraAppUITests.swift */; };
		C55BC322235240F2006D9C8D /* MotoPulsar.swift in Sources */ = {isa = PBXBuildFile; fileRef = C55BC321235240F2006D9C8D /* MotoPulsar.swift */; };
/* End PBXBuildFile section */

/* Begin PBXContainerItemProxy section */
		C55BC30523523811006D9C8D /* PBXContainerItemProxy */ = {
			isa = PBXContainerItemProxy;
			containerPortal = C55BC2E62352380E006D9C8D /* Project object */;
			proxyType = 1;
			remoteGlobalIDString = C55BC2ED2352380E006D9C8D;
			remoteInfo = PrimeraApp;
		};
		C55BC31023523811006D9C8D /* PBXContainerItemProxy */ = {
			isa = PBXContainerItemProxy;
			containerPortal = C55BC2E62352380E006D9C8D /* Project object */;
			proxyType = 1;
			remoteGlobalIDString = C55BC2ED2352380E006D9C8D;
			remoteInfo = PrimeraApp;
		};
/* End PBXContainerItemProxy section */

/* Begin PBXFileReference section */
		C55BC2EE2352380E006D9C8D /* PrimeraApp.app */ = {isa = PBXFileReference; explicitFileType = wrapper.application; includeInIndex = 0; path = PrimeraApp.app; sourceTree = BUILT_PRODUCTS_DIR; };
		C55BC2F12352380E006D9C8D /* AppDelegate.swift */ = {isa = PBXFileReference; lastKnownFileType = sourcecode.swift; path = AppDelegate.swift; sourceTree = "<group>"; };
		C55BC2F32352380E006D9C8D /* SceneDelegate.swift */ = {isa = PBXFileReference; lastKnownFileType = sourcecode.swift; path = SceneDelegate.swift; sourceTree = "<group>"; };
		C55BC2F52352380E006D9C8D /* ViewController.swift */ = {isa = PBXFileReference; lastKnownFileType = sourcecode.swift; path = ViewController.swift; sourceTree = "<group>"; };
		C55BC2F82352380E006D9C8D /* Base */ = {isa = PBXFileReference; lastKnownFileType = file.storyboard; name = Base; path = Base.lproj/Main.storyboard; sourceTree = "<group>"; };
		C55BC2FA23523811006D9C8D /* Assets.xcassets */ = {isa = PBXFileReference; lastKnownFileType = folder.assetcatalog; path = Assets.xcassets; sourceTree = "<group>"; };
		C55BC2FD23523811006D9C8D /* Base */ = {isa = PBXFileReference; lastKnownFileType = file.storyboard; name = Base; path = Base.lproj/LaunchScreen.storyboard; sourceTree = "<group>"; };
		C55BC2FF23523811006D9C8D /* Info.plist */ = {isa = PBXFileReference; lastKnownFileType = text.plist.xml; path = Info.plist; sourceTree = "<group>"; };
		C55BC30423523811006D9C8D /* PrimeraAppTests.xctest */ = {isa = PBXFileReference; explicitFileType = wrapper.cfbundle; includeInIndex = 0; path = PrimeraAppTests.xctest; sourceTree = BUILT_PRODUCTS_DIR; };
		C55BC30823523811006D9C8D /* PrimeraAppTests.swift */ = {isa = PBXFileReference; lastKnownFileType = sourcecode.swift; path = PrimeraAppTests.swift; sourceTree = "<group>"; };
		C55BC30A23523811006D9C8D /* Info.plist */ = {isa = PBXFileReference; lastKnownFileType = text.plist.xml; path = Info.plist; sourceTree = "<group>"; };
		C55BC30F23523811006D9C8D /* PrimeraAppUITests.xctest */ = {isa = PBXFileReference; explicitFileType = wrapper.cfbundle; includeInIndex = 0; path = PrimeraAppUITests.xctest; sourceTree = BUILT_PRODUCTS_DIR; };
		C55BC31323523811006D9C8D /* PrimeraAppUITests.swift */ = {isa = PBXFileReference; lastKnownFileType = sourcecode.swift; path = PrimeraAppUITests.swift; sourceTree = "<group>"; };
		C55BC31523523811006D9C8D /* Info.plist */ = {isa = PBXFileReference; lastKnownFileType = text.plist.xml; path = Info.plist; sourceTree = "<group>"; };
		C55BC321235240F2006D9C8D /* MotoPulsar.swift */ = {isa = PBXFileReference; lastKnownFileType = sourcecode.swift; path = MotoPulsar.swift; sourceTree = "<group>"; };
/* End PBXFileReference section */

/* Begin PBXFrameworksBuildPhase section */
		C55BC2EB2352380E006D9C8D /* Frameworks */ = {
			isa = PBXFrameworksBuildPhase;
			buildActionMask = 2147483647;
			files = (
			);
			runOnlyForDeploymentPostprocessing = 0;
		};
		C55BC30123523811006D9C8D /* Frameworks */ = {
			isa = PBXFrameworksBuildPhase;
			buildActionMask = 2147483647;
			files = (
			);
			runOnlyForDeploymentPostprocessing = 0;
		};
		C55BC30C23523811006D9C8D /* Frameworks */ = {
			isa = PBXFrameworksBuildPhase;
			buildActionMask = 2147483647;
			files = (
			);
			runOnlyForDeploymentPostprocessing = 0;
		};
/* End PBXFrameworksBuildPhase section */

/* Begin PBXGroup section */
		C55BC2E52352380E006D9C8D = {
			isa = PBXGroup;
			children = (
				C55BC2F02352380E006D9C8D /* PrimeraApp */,
				C55BC30723523811006D9C8D /* PrimeraAppTests */,
				C55BC31223523811006D9C8D /* PrimeraAppUITests */,
				C55BC2EF2352380E006D9C8D /* Products */,
			);
			sourceTree = "<group>";
		};
		C55BC2EF2352380E006D9C8D /* Products */ = {
			isa = PBXGroup;
			children = (
				C55BC2EE2352380E006D9C8D /* PrimeraApp.app */,
				C55BC30423523811006D9C8D /* PrimeraAppTests.xctest */,
				C55BC30F23523811006D9C8D /* PrimeraAppUITests.xctest */,
			);
			name = Products;
			sourceTree = "<group>";
		};
		C55BC2F02352380E006D9C8D /* PrimeraApp */ = {
			isa = PBXGroup;
			children = (
				C55BC2F12352380E006D9C8D /* AppDelegate.swift */,
				C55BC2F32352380E006D9C8D /* SceneDelegate.swift */,
				C55BC2F52352380E006D9C8D /* ViewController.swift */,
				C55BC2F72352380E006D9C8D /* Main.storyboard */,
				C55BC2FA23523811006D9C8D /* Assets.xcassets */,
				C55BC2FC23523811006D9C8D /* LaunchScreen.storyboard */,
				C55BC2FF23523811006D9C8D /* Info.plist */,
				C55BC321235240F2006D9C8D /* MotoPulsar.swift */,
			);
			path = PrimeraApp;
			sourceTree = "<group>";
		};
		C55BC30723523811006D9C8D /* PrimeraAppTests */ = {
			isa = PBXGroup;
			children = (
				C55BC30823523811006D9C8D /* PrimeraAppTests.swift */,
				C55BC30A23523811006D9C8D /* Info.plist */,
			);
			path = PrimeraAppTests;
			sourceTree = "<group>";
		};
		C55BC31223523811006D9C8D /* PrimeraAppUITests */ = {
			isa = PBXGroup;
			children = (
				C55BC31323523811006D9C8D /* PrimeraAppUITests.swift */,
				C55BC31523523811006D9C8D /* Info.plist */,
			);
			path = PrimeraAppUITests;
			sourceTree = "<group>";
		};
/* End PBXGroup section */

/* Begin PBXNativeTarget section */
		C55BC2ED2352380E006D9C8D /* PrimeraApp */ = {
			isa = PBXNativeTarget;
			buildConfigurationList = C55BC31823523811006D9C8D /* Build configuration list for PBXNativeTarget "PrimeraApp" */;
			buildPhases = (
				C55BC2EA2352380E006D9C8D /* Sources */,
				C55BC2EB2352380E006D9C8D /* Frameworks */,
				C55BC2EC2352380E006D9C8D /* Resources */,
			);
			buildRules = (
			);
			dependencies = (
			);
			name = PrimeraApp;
			productName = PrimeraApp;
			productReference = C55BC2EE2352380E006D9C8D /* PrimeraApp.app */;
			productType = "com.apple.product-type.application";
		};
		C55BC30323523811006D9C8D /* PrimeraAppTests */ = {
			isa = PBXNativeTarget;
			buildConfigurationList = C55BC31B23523811006D9C8D /* Build configuration list for PBXNativeTarget "PrimeraAppTests" */;
			buildPhases = (
				C55BC30023523811006D9C8D /* Sources */,
				C55BC30123523811006D9C8D /* Frameworks */,
				C55BC30223523811006D9C8D /* Resources */,
			);
			buildRules = (
			);
			dependencies = (
				C55BC30623523811006D9C8D /* PBXTargetDependency */,
			);
			name = PrimeraAppTests;
			productName = PrimeraAppTests;
			productReference = C55BC30423523811006D9C8D /* PrimeraAppTests.xctest */;
			productType = "com.apple.product-type.bundle.unit-test";
		};
		C55BC30E23523811006D9C8D /* PrimeraAppUITests */ = {
			isa = PBXNativeTarget;
			buildConfigurationList = C55BC31E23523811006D9C8D /* Build configuration list for PBXNativeTarget "PrimeraAppUITests" */;
			buildPhases = (
				C55BC30B23523811006D9C8D /* Sources */,
				C55BC30C23523811006D9C8D /* Frameworks */,
				C55BC30D23523811006D9C8D /* Resources */,
			);
			buildRules = (
			);
			dependencies = (
				C55BC31123523811006D9C8D /* PBXTargetDependency */,
			);
			name = PrimeraAppUITests;
			productName = PrimeraAppUITests;
			productReference = C55BC30F23523811006D9C8D /* PrimeraAppUITests.xctest */;
			productType = "com.apple.product-type.bundle.ui-testing";
		};
/* End PBXNativeTarget section */

/* Begin PBXProject section */
		C55BC2E62352380E006D9C8D /* Project object */ = {
			isa = PBXProject;
			attributes = {
				LastSwiftUpdateCheck = 1100;
				LastUpgradeCheck = 1100;
				ORGANIZATIONNAME = "EDUARDO MEJIA";
				TargetAttributes = {
					C55BC2ED2352380E006D9C8D = {
						CreatedOnToolsVersion = 11.0;
					};
					C55BC30323523811006D9C8D = {
						CreatedOnToolsVersion = 11.0;
						TestTargetID = C55BC2ED2352380E006D9C8D;
					};
					C55BC30E23523811006D9C8D = {
						CreatedOnToolsVersion = 11.0;
						TestTargetID = C55BC2ED2352380E006D9C8D;
					};
				};
			};
			buildConfigurationList = C55BC2E92352380E006D9C8D /* Build configuration list for PBXProject "PrimeraApp" */;
			compatibilityVersion = "Xcode 9.3";
			developmentRegion = en;
			hasScannedForEncodings = 0;
			knownRegions = (
				en,
				Base,
			);
			mainGroup = C55BC2E52352380E006D9C8D;
			productRefGroup = C55BC2EF2352380E006D9C8D /* Products */;
			projectDirPath = "";
			projectRoot = "";
			targets = (
				C55BC2ED2352380E006D9C8D /* PrimeraApp */,
				C55BC30323523811006D9C8D /* PrimeraAppTests */,
				C55BC30E23523811006D9C8D /* PrimeraAppUITests */,
			);
		};
/* End PBXProject section */

/* Begin PBXResourcesBuildPhase section */
		C55BC2EC2352380E006D9C8D /* Resources */ = {
			isa = PBXResourcesBuildPhase;
			buildActionMask = 2147483647;
			files = (
				C55BC2FE23523811006D9C8D /* LaunchScreen.storyboard in Resources */,
				C55BC2FB23523811006D9C8D /* Assets.xcassets in Resources */,
				C55BC2F92352380E006D9C8D /* Main.storyboard in Resources */,
			);
			runOnlyForDeploymentPostprocessing = 0;
		};
		C55BC30223523811006D9C8D /* Resources */ = {
			isa = PBXResourcesBuildPhase;
			buildActionMask = 2147483647;
			files = (
			);
			runOnlyForDeploymentPostprocessing = 0;
		};
		C55BC30D23523811006D9C8D /* Resources */ = {
			isa = PBXResourcesBuildPhase;
			buildActionMask = 2147483647;
			files = (
			);
			runOnlyForDeploymentPostprocessing = 0;
		};
/* End PBXResourcesBuildPhase section */

/* Begin PBXSourcesBuildPhase section */
		C55BC2EA2352380E006D9C8D /* Sources */ = {
			isa = PBXSourcesBuildPhase;
			buildActionMask = 2147483647;
			files = (
				C55BC2F62352380E006D9C8D /* ViewController.swift in Sources */,
				C55BC322235240F2006D9C8D /* MotoPulsar.swift in Sources */,
				C55BC2F22352380E006D9C8D /* AppDelegate.swift in Sources */,
				C55BC2F42352380E006D9C8D /* SceneDelegate.swift in Sources */,
			);
			runOnlyForDeploymentPostprocessing = 0;
		};
		C55BC30023523811006D9C8D /* Sources */ = {
			isa = PBXSourcesBuildPhase;
			buildActionMask = 2147483647;
			files = (
				C55BC30923523811006D9C8D /* PrimeraAppTests.swift in Sources */,
			);
			runOnlyForDeploymentPostprocessing = 0;
		};
		C55BC30B23523811006D9C8D /* Sources */ = {
			isa = PBXSourcesBuildPhase;
			buildActionMask = 2147483647;
			files = (
				C55BC31423523811006D9C8D /* PrimeraAppUITests.swift in Sources */,
			);
			runOnlyForDeploymentPostprocessing = 0;
		};
/* End PBXSourcesBuildPhase section */

/* Begin PBXTargetDependency section */
		C55BC30623523811006D9C8D /* PBXTargetDependency */ = {
			isa = PBXTargetDependency;
			target = C55BC2ED2352380E006D9C8D /* PrimeraApp */;
			targetProxy = C55BC30523523811006D9C8D /* PBXContainerItemProxy */;
		};
		C55BC31123523811006D9C8D /* PBXTargetDependency */ = {
			isa = PBXTargetDependency;
			target = C55BC2ED2352380E006D9C8D /* PrimeraApp */;
			targetProxy = C55BC31023523811006D9C8D /* PBXContainerItemProxy */;
		};
/* End PBXTargetDependency section */

/* Begin PBXVariantGroup section */
		C55BC2F72352380E006D9C8D /* Main.storyboard */ = {
			isa = PBXVariantGroup;
			children = (
				C55BC2F82352380E006D9C8D /* Base */,
			);
			name = Main.storyboard;
			sourceTree = "<group>";
		};
		C55BC2FC23523811006D9C8D /* LaunchScreen.storyboard */ = {
			isa = PBXVariantGroup;
			children = (
				C55BC2FD23523811006D9C8D /* Base */,
			);
			name = LaunchScreen.storyboard;
			sourceTree = "<group>";
		};
/* End PBXVariantGroup section */

/* Begin XCBuildConfiguration section */
		C55BC31623523811006D9C8D /* Debug */ = {
			isa = XCBuildConfiguration;
			buildSettings = {
				ALWAYS_SEARCH_USER_PATHS = NO;
				CLANG_ANALYZER_NONNULL = YES;
				CLANG_ANALYZER_NUMBER_OBJECT_CONVERSION = YES_AGGRESSIVE;
				CLANG_CXX_LANGUAGE_STANDARD = "gnu++14";
				CLANG_CXX_LIBRARY = "libc++";
				CLANG_ENABLE_MODULES = YES;
				CLANG_ENABLE_OBJC_ARC = YES;
				CLANG_ENABLE_OBJC_WEAK = YES;
				CLANG_WARN_BLOCK_CAPTURE_AUTORELEASING = YES;
				CLANG_WARN_BOOL_CONVERSION = YES;
				CLANG_WARN_COMMA = YES;
				CLANG_WARN_CONSTANT_CONVERSION = YES;
				CLANG_WARN_DEPRECATED_OBJC_IMPLEMENTATIONS = YES;
				CLANG_WARN_DIRECT_OBJC_ISA_USAGE = YES_ERROR;
				CLANG_WARN_DOCUMENTATION_COMMENTS = YES;
				CLANG_WARN_EMPTY_BODY = YES;
				CLANG_WARN_ENUM_CONVERSION = YES;
				CLANG_WARN_INFINITE_RECURSION = YES;
				CLANG_WARN_INT_CONVERSION = YES;
				CLANG_WARN_NON_LITERAL_NULL_CONVERSION = YES;
				CLANG_WARN_OBJC_IMPLICIT_RETAIN_SELF = YES;
				CLANG_WARN_OBJC_LITERAL_CONVERSION = YES;
				CLANG_WARN_OBJC_ROOT_CLASS = YES_ERROR;
				CLANG_WARN_RANGE_LOOP_ANALYSIS = YES;
				CLANG_WARN_STRICT_PROTOTYPES = YES;
				CLANG_WARN_SUSPICIOUS_MOVE = YES;
				CLANG_WARN_UNGUARDED_AVAILABILITY = YES_AGGRESSIVE;
				CLANG_WARN_UNREACHABLE_CODE = YES;
				CLANG_WARN__DUPLICATE_METHOD_MATCH = YES;
				COPY_PHASE_STRIP = NO;
				DEBUG_INFORMATION_FORMAT = dwarf;
				ENABLE_STRICT_OBJC_MSGSEND = YES;
				ENABLE_TESTABILITY = YES;
				GCC_C_LANGUAGE_STANDARD = gnu11;
				GCC_DYNAMIC_NO_PIC = NO;
				GCC_NO_COMMON_BLOCKS = YES;
				GCC_OPTIMIZATION_LEVEL = 0;
				GCC_PREPROCESSOR_DEFINITIONS = (
					"DEBUG=1",
					"$(inherited)",
				);
				GCC_WARN_64_TO_32_BIT_CONVERSION = YES;
				GCC_WARN_ABOUT_RETURN_TYPE = YES_ERROR;
				GCC_WARN_UNDECLARED_SELECTOR = YES;
				GCC_WARN_UNINITIALIZED_AUTOS = YES_AGGRESSIVE;
				GCC_WARN_UNUSED_FUNCTION = YES;
				GCC_WARN_UNUSED_VARIABLE = YES;
				IPHONEOS_DEPLOYMENT_TARGET = 13.0;
				MTL_ENABLE_DEBUG_INFO = INCLUDE_SOURCE;
				MTL_FAST_MATH = YES;
				ONLY_ACTIVE_ARCH = YES;
				SDKROOT = iphoneos;
				SWIFT_ACTIVE_COMPILATION_CONDITIONS = DEBUG;
				SWIFT_OPTIMIZATION_LEVEL = "-Onone";
			};
			name = Debug;
		};
		C55BC31723523811006D9C8D /* Release */ = {
			isa = XCBuildConfiguration;
			buildSettings = {
				ALWAYS_SEARCH_USER_PATHS = NO;
				CLANG_ANALYZER_NONNULL = YES;
				CLANG_ANALYZER_NUMBER_OBJECT_CONVERSION = YES_AGGRESSIVE;
				CLANG_CXX_LANGUAGE_STANDARD = "gnu++14";
				CLANG_CXX_LIBRARY = "libc++";
				CLANG_ENABLE_MODULES = YES;
				CLANG_ENABLE_OBJC_ARC = YES;
				CLANG_ENABLE_OBJC_WEAK = YES;
				CLANG_WARN_BLOCK_CAPTURE_AUTORELEASING = YES;
				CLANG_WARN_BOOL_CONVERSION = YES;
				CLANG_WARN_COMMA = YES;
				CLANG_WARN_CONSTANT_CONVERSION = YES;
				CLANG_WARN_DEPRECATED_OBJC_IMPLEMENTATIONS = YES;
				CLANG_WARN_DIRECT_OBJC_ISA_USAGE = YES_ERROR;
				CLANG_WARN_DOCUMENTATION_COMMENTS = YES;
				CLANG_WARN_EMPTY_BODY = YES;
				CLANG_WARN_ENUM_CONVERSION = YES;
				CLANG_WARN_INFINITE_RECURSION = YES;
				CLANG_WARN_INT_CONVERSION = YES;
				CLANG_WARN_NON_LITERAL_NULL_CONVERSION = YES;
				CLANG_WARN_OBJC_IMPLICIT_RETAIN_SELF = YES;
				CLANG_WARN_OBJC_LITERAL_CONVERSION = YES;
				CLANG_WARN_OBJC_ROOT_CLASS = YES_ERROR;
				CLANG_WARN_RANGE_LOOP_ANALYSIS = YES;
				CLANG_WARN_STRICT_PROTOTYPES = YES;
				CLANG_WARN_SUSPICIOUS_MOVE = YES;
				CLANG_WARN_UNGUARDED_AVAILABILITY = YES_AGGRESSIVE;
				CLANG_WARN_UNREACHABLE_CODE = YES;
				CLANG_WARN__DUPLICATE_METHOD_MATCH = YES;
				COPY_PHASE_STRIP = NO;
				DEBUG_INFORMATION_FORMAT = "dwarf-with-dsym";
				ENABLE_NS_ASSERTIONS = NO;
				ENABLE_STRICT_OBJC_MSGSEND = YES;
				GCC_C_LANGUAGE_STANDARD = gnu11;
				GCC_NO_COMMON_BLOCKS = YES;
				GCC_WARN_64_TO_32_BIT_CONVERSION = YES;
				GCC_WARN_ABOUT_RETURN_TYPE = YES_ERROR;
				GCC_WARN_UNDECLARED_SELECTOR = YES;
				GCC_WARN_UNINITIALIZED_AUTOS = YES_AGGRESSIVE;
				GCC_WARN_UNUSED_FUNCTION = YES;
				GCC_WARN_UNUSED_VARIABLE = YES;
				IPHONEOS_DEPLOYMENT_TARGET = 13.0;
				MTL_ENABLE_DEBUG_INFO = NO;
				MTL_FAST_MATH = YES;
				SDKROOT = iphoneos;
				SWIFT_COMPILATION_MODE = wholemodule;
				SWIFT_OPTIMIZATION_LEVEL = "-O";
				VALIDATE_PRODUCT = YES;
			};
			name = Release;
		};
		C55BC31923523811006D9C8D /* Debug */ = {
			isa = XCBuildConfiguration;
			buildSettings = {
				ASSETCATALOG_COMPILER_APPICON_NAME = AppIcon;
				CODE_SIGN_STYLE = Automatic;
				INFOPLIST_FILE = PrimeraApp/Info.plist;
				IPHONEOS_DEPLOYMENT_TARGET = 11.0;
				LD_RUNPATH_SEARCH_PATHS = (
					"$(inherited)",
					"@executable_path/Frameworks",
				);
				PRODUCT_BUNDLE_IDENTIFIER = EDD.PrimeraApp;
				PRODUCT_NAME = "$(TARGET_NAME)";
				SWIFT_VERSION = 5.0;
				TARGETED_DEVICE_FAMILY = 1;
			};
			name = Debug;
		};
		C55BC31A23523811006D9C8D /* Release */ = {
			isa = XCBuildConfiguration;
			buildSettings = {
				ASSETCATALOG_COMPILER_APPICON_NAME = AppIcon;
				CODE_SIGN_STYLE = Automatic;
				INFOPLIST_FILE = PrimeraApp/Info.plist;
				IPHONEOS_DEPLOYMENT_TARGET = 11.0;
				LD_RUNPATH_SEARCH_PATHS = (
					"$(inherited)",
					"@executable_path/Frameworks",
				);
				PRODUCT_BUNDLE_IDENTIFIER = EDD.PrimeraApp;
				PRODUCT_NAME = "$(TARGET_NAME)";
				SWIFT_VERSION = 5.0;
				TARGETED_DEVICE_FAMILY = 1;
			};
			name = Release;
		};
		C55BC31C23523811006D9C8D /* Debug */ = {
			isa = XCBuildConfiguration;
			buildSettings = {
				ALWAYS_EMBED_SWIFT_STANDARD_LIBRARIES = YES;
				BUNDLE_LOADER = "$(TEST_HOST)";
				CODE_SIGN_STYLE = Automatic;
				INFOPLIST_FILE = PrimeraAppTests/Info.plist;
				IPHONEOS_DEPLOYMENT_TARGET = 13.0;
				LD_RUNPATH_SEARCH_PATHS = (
					"$(inherited)",
					"@executable_path/Frameworks",
					"@loader_path/Frameworks",
				);
				PRODUCT_BUNDLE_IDENTIFIER = EDD.PrimeraAppTests;
				PRODUCT_NAME = "$(TARGET_NAME)";
				SWIFT_VERSION = 5.0;
				TARGETED_DEVICE_FAMILY = "1,2";
				TEST_HOST = "$(BUILT_PRODUCTS_DIR)/PrimeraApp.app/PrimeraApp";
			};
			name = Debug;
		};
		C55BC31D23523811006D9C8D /* Release */ = {
			isa = XCBuildConfiguration;
			buildSettings = {
				ALWAYS_EMBED_SWIFT_STANDARD_LIBRARIES = YES;
				BUNDLE_LOADER = "$(TEST_HOST)";
				CODE_SIGN_STYLE = Automatic;
				INFOPLIST_FILE = PrimeraAppTests/Info.plist;
				IPHONEOS_DEPLOYMENT_TARGET = 13.0;
				LD_RUNPATH_SEARCH_PATHS = (
					"$(inherited)",
					"@executable_path/Frameworks",
					"@loader_path/Frameworks",
				);
				PRODUCT_BUNDLE_IDENTIFIER = EDD.PrimeraAppTests;
				PRODUCT_NAME = "$(TARGET_NAME)";
				SWIFT_VERSION = 5.0;
				TARGETED_DEVICE_FAMILY = "1,2";
				TEST_HOST = "$(BUILT_PRODUCTS_DIR)/PrimeraApp.app/PrimeraApp";
			};
			name = Release;
		};
		C55BC31F23523811006D9C8D /* Debug */ = {
			isa = XCBuildConfiguration;
			buildSettings = {
				ALWAYS_EMBED_SWIFT_STANDARD_LIBRARIES = YES;
				CODE_SIGN_STYLE = Automatic;
				INFOPLIST_FILE = PrimeraAppUITests/Info.plist;
				LD_RUNPATH_SEARCH_PATHS = (
					"$(inherited)",
					"@executable_path/Frameworks",
					"@loader_path/Frameworks",
				);
				PRODUCT_BUNDLE_IDENTIFIER = EDD.PrimeraAppUITests;
				PRODUCT_NAME = "$(TARGET_NAME)";
				SWIFT_VERSION = 5.0;
				TARGETED_DEVICE_FAMILY = "1,2";
				TEST_TARGET_NAME = PrimeraApp;
			};
			name = Debug;
		};
		C55BC32023523811006D9C8D /* Release */ = {
			isa = XCBuildConfiguration;
			buildSettings = {
				ALWAYS_EMBED_SWIFT_STANDARD_LIBRARIES = YES;
				CODE_SIGN_STYLE = Automatic;
				INFOPLIST_FILE = PrimeraAppUITests/Info.plist;
				LD_RUNPATH_SEARCH_PATHS = (
					"$(inherited)",
					"@executable_path/Frameworks",
					"@loader_path/Frameworks",
				);
				PRODUCT_BUNDLE_IDENTIFIER = EDD.PrimeraAppUITests;
				PRODUCT_NAME = "$(TARGET_NAME)";
				SWIFT_VERSION = 5.0;
				TARGETED_DEVICE_FAMILY = "1,2";
				TEST_TARGET_NAME = PrimeraApp;
			};
			name = Release;
		};
/* End XCBuildConfiguration section */

/* Begin XCConfigurationList section */
		C55BC2E92352380E006D9C8D /* Build configuration list for PBXProject "PrimeraApp" */ = {
			isa = XCConfigurationList;
			buildConfigurations = (
				C55BC31623523811006D9C8D /* Debug */,
				C55BC31723523811006D9C8D /* Release */,
			);
			defaultConfigurationIsVisible = 0;
			defaultConfigurationName = Release;
		};
		C55BC31823523811006D9C8D /* Build configuration list for PBXNativeTarget "PrimeraApp" */ = {
			isa = XCConfigurationList;
			buildConfigurations = (
				C55BC31923523811006D9C8D /* Debug */,
				C55BC31A23523811006D9C8D /* Release */,
			);
			defaultConfigurationIsVisible = 0;
			defaultConfigurationName = Release;
		};
		C55BC31B23523811006D9C8D /* Build configuration list for PBXNativeTarget "PrimeraAppTests" */ = {
			isa = XCConfigurationList;
			buildConfigurations = (
				C55BC31C23523811006D9C8D /* Debug */,
				C55BC31D23523811006D9C8D /* Release */,
			);
			defaultConfigurationIsVisible = 0;
			defaultConfigurationName = Release;
		};
		C55BC31E23523811006D9C8D /* Build configuration list for PBXNativeTarget "PrimeraAppUITests" */ = {
			isa = XCConfigurationList;
			buildConfigurations = (
				C55BC31F23523811006D9C8D /* Debug */,
				C55BC32023523811006D9C8D /* Release */,
			);
			defaultConfigurationIsVisible = 0;
			defaultConfigurationName = Release;
		};
/* End XCConfigurationList section */
	};
	rootObject = C55BC2E62352380E006D9C8D /* Project object */;
}
