// !$*UTF8*$!
{
	archiveVersion = 1;
	classes = {
	};
	objectVersion = 50;
	objects = {

/* Begin PBXBuildFile section */
		C504D942236E3CFC008F89B0 /* AppDelegate.swift in Sources */ = {isa = PBXBuildFile; fileRef = C504D941236E3CFC008F89B0 /* AppDelegate.swift */; };
		C504D944236E3CFC008F89B0 /* SceneDelegate.swift in Sources */ = {isa = PBXBuildFile; fileRef = C504D943236E3CFC008F89B0 /* SceneDelegate.swift */; };
		C504D946236E3CFC008F89B0 /* ViewController.swift in Sources */ = {isa = PBXBuildFile; fileRef = C504D945236E3CFC008F89B0 /* ViewController.swift */; };
		C504D949236E3CFC008F89B0 /* Main.storyboard in Resources */ = {isa = PBXBuildFile; fileRef = C504D947236E3CFC008F89B0 /* Main.storyboard */; };
		C504D94B236E3CFE008F89B0 /* Assets.xcassets in Resources */ = {isa = PBXBuildFile; fileRef = C504D94A236E3CFE008F89B0 /* Assets.xcassets */; };
		C504D94E236E3CFE008F89B0 /* LaunchScreen.storyboard in Resources */ = {isa = PBXBuildFile; fileRef = C504D94C236E3CFE008F89B0 /* LaunchScreen.storyboard */; };
		C553C7D1236F424A00900F87 /* Transactions.storyboard in Resources */ = {isa = PBXBuildFile; fileRef = C553C7CF236F424A00900F87 /* Transactions.storyboard */; };
		C553C7D3236F429600900F87 /* Statistics.storyboard in Resources */ = {isa = PBXBuildFile; fileRef = C553C7D2236F429600900F87 /* Statistics.storyboard */; };
		C553C7D6236F42DF00900F87 /* Budget.storyboard in Resources */ = {isa = PBXBuildFile; fileRef = C553C7D4236F42DF00900F87 /* Budget.storyboard */; };
		C553C7D8236F436300900F87 /* Add.storyboard in Resources */ = {isa = PBXBuildFile; fileRef = C553C7D7236F436300900F87 /* Add.storyboard */; };
		C553C7DB236F437C00900F87 /* Profile.storyboard in Resources */ = {isa = PBXBuildFile; fileRef = C553C7D9236F437C00900F87 /* Profile.storyboard */; };
/* End PBXBuildFile section */

/* Begin PBXFileReference section */
		C504D93E236E3CFC008F89B0 /* PlatziFinanzas1.app */ = {isa = PBXFileReference; explicitFileType = wrapper.application; includeInIndex = 0; path = PlatziFinanzas1.app; sourceTree = BUILT_PRODUCTS_DIR; };
		C504D941236E3CFC008F89B0 /* AppDelegate.swift */ = {isa = PBXFileReference; lastKnownFileType = sourcecode.swift; name = AppDelegate.swift; path = ../AppDelegate.swift; sourceTree = "<group>"; };
		C504D943236E3CFC008F89B0 /* SceneDelegate.swift */ = {isa = PBXFileReference; lastKnownFileType = sourcecode.swift; name = SceneDelegate.swift; path = ../SceneDelegate.swift; sourceTree = "<group>"; };
		C504D945236E3CFC008F89B0 /* ViewController.swift */ = {isa = PBXFileReference; lastKnownFileType = sourcecode.swift; path = ViewController.swift; sourceTree = "<group>"; };
		C504D948236E3CFC008F89B0 /* Base */ = {isa = PBXFileReference; lastKnownFileType = file.storyboard; name = Base; path = Base.lproj/Main.storyboard; sourceTree = "<group>"; };
		C504D94A236E3CFE008F89B0 /* Assets.xcassets */ = {isa = PBXFileReference; lastKnownFileType = folder.assetcatalog; path = Assets.xcassets; sourceTree = "<group>"; };
		C504D94D236E3CFE008F89B0 /* Base */ = {isa = PBXFileReference; lastKnownFileType = file.storyboard; name = Base; path = Base.lproj/LaunchScreen.storyboard; sourceTree = "<group>"; };
		C504D94F236E3CFE008F89B0 /* Info.plist */ = {isa = PBXFileReference; lastKnownFileType = text.plist; path = Info.plist; sourceTree = "<group>"; };
		C553C7D0236F424A00900F87 /* Base */ = {isa = PBXFileReference; lastKnownFileType = file.storyboard; name = Base; path = PlatziFinanzas1/Application/Main/Main/Base.lproj/Transactions.storyboard; sourceTree = SOURCE_ROOT; };
		C553C7D2236F429600900F87 /* Statistics.storyboard */ = {isa = PBXFileReference; fileEncoding = 4; lastKnownFileType = file.storyboard; path = Statistics.storyboard; sourceTree = SOURCE_ROOT; };
		C553C7D5236F42DF00900F87 /* Base */ = {isa = PBXFileReference; lastKnownFileType = file.storyboard; name = Base; path = PlatziFinanzas1/Application/Main/Main/Base.lproj/Budget.storyboard; sourceTree = SOURCE_ROOT; };
		C553C7D7236F436300900F87 /* Add.storyboard */ = {isa = PBXFileReference; fileEncoding = 4; lastKnownFileType = file.storyboard; path = Add.storyboard; sourceTree = SOURCE_ROOT; };
		C553C7DA236F437C00900F87 /* Base */ = {isa = PBXFileReference; lastKnownFileType = file.storyboard; name = Base; path = PlatziFinanzas1/Application/Main/Main/Base.lproj/Profile.storyboard; sourceTree = SOURCE_ROOT; };
/* End PBXFileReference section */

/* Begin PBXFrameworksBuildPhase section */
		C504D93B236E3CFC008F89B0 /* Frameworks */ = {
			isa = PBXFrameworksBuildPhase;
			buildActionMask = 2147483647;
			files = (
			);
			runOnlyForDeploymentPostprocessing = 0;
		};
/* End PBXFrameworksBuildPhase section */

/* Begin PBXGroup section */
		C504D935236E3CFC008F89B0 = {
			isa = PBXGroup;
			children = (
				C504D940236E3CFC008F89B0 /* PlatziFinanzas1 */,
				C504D93F236E3CFC008F89B0 /* Products */,
			);
			sourceTree = "<group>";
		};
		C504D93F236E3CFC008F89B0 /* Products */ = {
			isa = PBXGroup;
			children = (
				C504D93E236E3CFC008F89B0 /* PlatziFinanzas1.app */,
			);
			name = Products;
			sourceTree = "<group>";
		};
		C504D940236E3CFC008F89B0 /* PlatziFinanzas1 */ = {
			isa = PBXGroup;
			children = (
				C553C7CC236F41C300900F87 /* Autentication */,
				C504D955236E3D04008F89B0 /* Resources */,
				C504D957236E3D78008F89B0 /* Base */,
				C5E0F3A5236E407A00EBF8E9 /* Application */,
				C504D94C236E3CFE008F89B0 /* LaunchScreen.storyboard */,
			);
			path = PlatziFinanzas1;
			sourceTree = "<group>";
		};
		C504D955236E3D04008F89B0 /* Resources */ = {
			isa = PBXGroup;
			children = (
				C5E0F3A4236E405700EBF8E9 /* Images */,
				C504D94A236E3CFE008F89B0 /* Assets.xcassets */,
			);
			path = Resources;
			sourceTree = "<group>";
		};
		C504D957236E3D78008F89B0 /* Base */ = {
			isa = PBXGroup;
			children = (
				C504D941236E3CFC008F89B0 /* AppDelegate.swift */,
				C504D943236E3CFC008F89B0 /* SceneDelegate.swift */,
				C504D94F236E3CFE008F89B0 /* Info.plist */,
			);
			path = Base;
			sourceTree = "<group>";
		};
		C514220E236E4986007F6FBC /* Transaction */ = {
			isa = PBXGroup;
			children = (
				C553C7CF236F424A00900F87 /* Transactions.storyboard */,
			);
			path = Transaction;
			sourceTree = "<group>";
		};
		C553C7CA236F413F00900F87 /* Add */ = {
			isa = PBXGroup;
			children = (
				C553C7D7236F436300900F87 /* Add.storyboard */,
			);
			path = Add;
			sourceTree = "<group>";
		};
		C553C7CB236F416900900F87 /* Statistics */ = {
			isa = PBXGroup;
			children = (
				C553C7D2236F429600900F87 /* Statistics.storyboard */,
			);
			path = Statistics;
			sourceTree = "<group>";
		};
		C553C7CC236F41C300900F87 /* Autentication */ = {
			isa = PBXGroup;
			children = (
				C553C7CE236F41DC00900F87 /* Sign In */,
				C553C7CD236F41CE00900F87 /* On Boarding */,
			);
			path = Autentication;
			sourceTree = "<group>";
		};
		C553C7CD236F41CE00900F87 /* On Boarding */ = {
			isa = PBXGroup;
			children = (
			);
			path = "On Boarding";
			sourceTree = "<group>";
		};
		C553C7CE236F41DC00900F87 /* Sign In */ = {
			isa = PBXGroup;
			children = (
			);
			path = "Sign In";
			sourceTree = "<group>";
		};
		C5E0F3A4236E405700EBF8E9 /* Images */ = {
			isa = PBXGroup;
			children = (
			);
			path = Images;
			sourceTree = "<group>";
		};
		C5E0F3A5236E407A00EBF8E9 /* Application */ = {
			isa = PBXGroup;
			children = (
				C5E0F3A6236E409100EBF8E9 /* Main */,
			);
			path = Application;
			sourceTree = "<group>";
		};
		C5E0F3A6236E409100EBF8E9 /* Main */ = {
			isa = PBXGroup;
			children = (
				C553C7CA236F413F00900F87 /* Add */,
				C553C7CB236F416900900F87 /* Statistics */,
				C5E0F3A9236E410800EBF8E9 /* Budget */,
				C5E0F3A7236E409A00EBF8E9 /* Main */,
				C5E0F3A8236E40E300EBF8E9 /* Profile */,
				C514220E236E4986007F6FBC /* Transaction */,
			);
			path = Main;
			sourceTree = "<group>";
		};
		C5E0F3A7236E409A00EBF8E9 /* Main */ = {
			isa = PBXGroup;
			children = (
				C504D947236E3CFC008F89B0 /* Main.storyboard */,
				C504D945236E3CFC008F89B0 /* ViewController.swift */,
			);
			path = Main;
			sourceTree = "<group>";
		};
		C5E0F3A8236E40E300EBF8E9 /* Profile */ = {
			isa = PBXGroup;
			children = (
				C553C7D9236F437C00900F87 /* Profile.storyboard */,
			);
			path = Profile;
			sourceTree = "<group>";
		};
		C5E0F3A9236E410800EBF8E9 /* Budget */ = {
			isa = PBXGroup;
			children = (
				C553C7D4236F42DF00900F87 /* Budget.storyboard */,
			);
			path = Budget;
			sourceTree = "<group>";
		};
/* End PBXGroup section */

/* Begin PBXNativeTarget section */
		C504D93D236E3CFC008F89B0 /* PlatziFinanzas1 */ = {
			isa = PBXNativeTarget;
			buildConfigurationList = C504D952236E3CFE008F89B0 /* Build configuration list for PBXNativeTarget "PlatziFinanzas1" */;
			buildPhases = (
				C504D93A236E3CFC008F89B0 /* Sources */,
				C504D93B236E3CFC008F89B0 /* Frameworks */,
				C504D93C236E3CFC008F89B0 /* Resources */,
			);
			buildRules = (
			);
			dependencies = (
			);
			name = PlatziFinanzas1;
			productName = PlatziFinanzas1;
			productReference = C504D93E236E3CFC008F89B0 /* PlatziFinanzas1.app */;
			productType = "com.apple.product-type.application";
		};
/* End PBXNativeTarget section */

/* Begin PBXProject section */
		C504D936236E3CFC008F89B0 /* Project object */ = {
			isa = PBXProject;
			attributes = {
				LastSwiftUpdateCheck = 1100;
				LastUpgradeCheck = 1100;
				ORGANIZATIONNAME = "EDUARDO MEJIA";
				TargetAttributes = {
					C504D93D236E3CFC008F89B0 = {
						CreatedOnToolsVersion = 11.0;
					};
				};
			};
			buildConfigurationList = C504D939236E3CFC008F89B0 /* Build configuration list for PBXProject "PlatziFinanzas1" */;
			compatibilityVersion = "Xcode 9.3";
			developmentRegion = en;
			hasScannedForEncodings = 0;
			knownRegions = (
				en,
				Base,
			);
			mainGroup = C504D935236E3CFC008F89B0;
			productRefGroup = C504D93F236E3CFC008F89B0 /* Products */;
			projectDirPath = "";
			projectRoot = "";
			targets = (
				C504D93D236E3CFC008F89B0 /* PlatziFinanzas1 */,
			);
		};
/* End PBXProject section */

/* Begin PBXResourcesBuildPhase section */
		C504D93C236E3CFC008F89B0 /* Resources */ = {
			isa = PBXResourcesBuildPhase;
			buildActionMask = 2147483647;
			files = (
				C504D94E236E3CFE008F89B0 /* LaunchScreen.storyboard in Resources */,
				C504D94B236E3CFE008F89B0 /* Assets.xcassets in Resources */,
				C553C7DB236F437C00900F87 /* Profile.storyboard in Resources */,
				C553C7D8236F436300900F87 /* Add.storyboard in Resources */,
				C504D949236E3CFC008F89B0 /* Main.storyboard in Resources */,
				C553C7D3236F429600900F87 /* Statistics.storyboard in Resources */,
				C553C7D1236F424A00900F87 /* Transactions.storyboard in Resources */,
				C553C7D6236F42DF00900F87 /* Budget.storyboard in Resources */,
			);
			runOnlyForDeploymentPostprocessing = 0;
		};
/* End PBXResourcesBuildPhase section */

/* Begin PBXSourcesBuildPhase section */
		C504D93A236E3CFC008F89B0 /* Sources */ = {
			isa = PBXSourcesBuildPhase;
			buildActionMask = 2147483647;
			files = (
				C504D946236E3CFC008F89B0 /* ViewController.swift in Sources */,
				C504D942236E3CFC008F89B0 /* AppDelegate.swift in Sources */,
				C504D944236E3CFC008F89B0 /* SceneDelegate.swift in Sources */,
			);
			runOnlyForDeploymentPostprocessing = 0;
		};
/* End PBXSourcesBuildPhase section */

/* Begin PBXVariantGroup section */
		C504D947236E3CFC008F89B0 /* Main.storyboard */ = {
			isa = PBXVariantGroup;
			children = (
				C504D948236E3CFC008F89B0 /* Base */,
			);
			name = Main.storyboard;
			sourceTree = "<group>";
		};
		C504D94C236E3CFE008F89B0 /* LaunchScreen.storyboard */ = {
			isa = PBXVariantGroup;
			children = (
				C504D94D236E3CFE008F89B0 /* Base */,
			);
			name = LaunchScreen.storyboard;
			sourceTree = "<group>";
		};
		C553C7CF236F424A00900F87 /* Transactions.storyboard */ = {
			isa = PBXVariantGroup;
			children = (
				C553C7D0236F424A00900F87 /* Base */,
			);
			name = Transactions.storyboard;
			sourceTree = "<group>";
		};
		C553C7D4236F42DF00900F87 /* Budget.storyboard */ = {
			isa = PBXVariantGroup;
			children = (
				C553C7D5236F42DF00900F87 /* Base */,
			);
			name = Budget.storyboard;
			sourceTree = "<group>";
		};
		C553C7D9236F437C00900F87 /* Profile.storyboard */ = {
			isa = PBXVariantGroup;
			children = (
				C553C7DA236F437C00900F87 /* Base */,
			);
			name = Profile.storyboard;
			sourceTree = "<group>";
		};
/* End PBXVariantGroup section */

/* Begin XCBuildConfiguration section */
		C504D950236E3CFE008F89B0 /* Debug */ = {
			isa = XCBuildConfiguration;
			buildSettings = {
				ALWAYS_SEARCH_USER_PATHS = NO;
				CLANG_ANALYZER_NONNULL = YES;
				CLANG_ANALYZER_NUMBER_OBJECT_CONVERSION = YES_AGGRESSIVE;
				CLANG_CXX_LANGUAGE_STANDARD = "gnu++14";
				CLANG_CXX_LIBRARY = "libc++";
				CLANG_ENABLE_MODULES = YES;
				CLANG_ENABLE_OBJC_ARC = YES;
				CLANG_ENABLE_OBJC_WEAK = YES;
				CLANG_WARN_BLOCK_CAPTURE_AUTORELEASING = YES;
				CLANG_WARN_BOOL_CONVERSION = YES;
				CLANG_WARN_COMMA = YES;
				CLANG_WARN_CONSTANT_CONVERSION = YES;
				CLANG_WARN_DEPRECATED_OBJC_IMPLEMENTATIONS = YES;
				CLANG_WARN_DIRECT_OBJC_ISA_USAGE = YES_ERROR;
				CLANG_WARN_DOCUMENTATION_COMMENTS = YES;
				CLANG_WARN_EMPTY_BODY = YES;
				CLANG_WARN_ENUM_CONVERSION = YES;
				CLANG_WARN_INFINITE_RECURSION = YES;
				CLANG_WARN_INT_CONVERSION = YES;
				CLANG_WARN_NON_LITERAL_NULL_CONVERSION = YES;
				CLANG_WARN_OBJC_IMPLICIT_RETAIN_SELF = YES;
				CLANG_WARN_OBJC_LITERAL_CONVERSION = YES;
				CLANG_WARN_OBJC_ROOT_CLASS = YES_ERROR;
				CLANG_WARN_RANGE_LOOP_ANALYSIS = YES;
				CLANG_WARN_STRICT_PROTOTYPES = YES;
				CLANG_WARN_SUSPICIOUS_MOVE = YES;
				CLANG_WARN_UNGUARDED_AVAILABILITY = YES_AGGRESSIVE;
				CLANG_WARN_UNREACHABLE_CODE = YES;
				CLANG_WARN__DUPLICATE_METHOD_MATCH = YES;
				COPY_PHASE_STRIP = NO;
				DEBUG_INFORMATION_FORMAT = dwarf;
				ENABLE_STRICT_OBJC_MSGSEND = YES;
				ENABLE_TESTABILITY = YES;
				GCC_C_LANGUAGE_STANDARD = gnu11;
				GCC_DYNAMIC_NO_PIC = NO;
				GCC_NO_COMMON_BLOCKS = YES;
				GCC_OPTIMIZATION_LEVEL = 0;
				GCC_PREPROCESSOR_DEFINITIONS = (
					"DEBUG=1",
					"$(inherited)",
				);
				GCC_WARN_64_TO_32_BIT_CONVERSION = YES;
				GCC_WARN_ABOUT_RETURN_TYPE = YES_ERROR;
				GCC_WARN_UNDECLARED_SELECTOR = YES;
				GCC_WARN_UNINITIALIZED_AUTOS = YES_AGGRESSIVE;
				GCC_WARN_UNUSED_FUNCTION = YES;
				GCC_WARN_UNUSED_VARIABLE = YES;
				IPHONEOS_DEPLOYMENT_TARGET = 13.0;
				MTL_ENABLE_DEBUG_INFO = INCLUDE_SOURCE;
				MTL_FAST_MATH = YES;
				ONLY_ACTIVE_ARCH = YES;
				SDKROOT = iphoneos;
				SWIFT_ACTIVE_COMPILATION_CONDITIONS = DEBUG;
				SWIFT_OPTIMIZATION_LEVEL = "-Onone";
			};
			name = Debug;
		};
		C504D951236E3CFE008F89B0 /* Release */ = {
			isa = XCBuildConfiguration;
			buildSettings = {
				ALWAYS_SEARCH_USER_PATHS = NO;
				CLANG_ANALYZER_NONNULL = YES;
				CLANG_ANALYZER_NUMBER_OBJECT_CONVERSION = YES_AGGRESSIVE;
				CLANG_CXX_LANGUAGE_STANDARD = "gnu++14";
				CLANG_CXX_LIBRARY = "libc++";
				CLANG_ENABLE_MODULES = YES;
				CLANG_ENABLE_OBJC_ARC = YES;
				CLANG_ENABLE_OBJC_WEAK = YES;
				CLANG_WARN_BLOCK_CAPTURE_AUTORELEASING = YES;
				CLANG_WARN_BOOL_CONVERSION = YES;
				CLANG_WARN_COMMA = YES;
				CLANG_WARN_CONSTANT_CONVERSION = YES;
				CLANG_WARN_DEPRECATED_OBJC_IMPLEMENTATIONS = YES;
				CLANG_WARN_DIRECT_OBJC_ISA_USAGE = YES_ERROR;
				CLANG_WARN_DOCUMENTATION_COMMENTS = YES;
				CLANG_WARN_EMPTY_BODY = YES;
				CLANG_WARN_ENUM_CONVERSION = YES;
				CLANG_WARN_INFINITE_RECURSION = YES;
				CLANG_WARN_INT_CONVERSION = YES;
				CLANG_WARN_NON_LITERAL_NULL_CONVERSION = YES;
				CLANG_WARN_OBJC_IMPLICIT_RETAIN_SELF = YES;
				CLANG_WARN_OBJC_LITERAL_CONVERSION = YES;
				CLANG_WARN_OBJC_ROOT_CLASS = YES_ERROR;
				CLANG_WARN_RANGE_LOOP_ANALYSIS = YES;
				CLANG_WARN_STRICT_PROTOTYPES = YES;
				CLANG_WARN_SUSPICIOUS_MOVE = YES;
				CLANG_WARN_UNGUARDED_AVAILABILITY = YES_AGGRESSIVE;
				CLANG_WARN_UNREACHABLE_CODE = YES;
				CLANG_WARN__DUPLICATE_METHOD_MATCH = YES;
				COPY_PHASE_STRIP = NO;
				DEBUG_INFORMATION_FORMAT = "dwarf-with-dsym";
				ENABLE_NS_ASSERTIONS = NO;
				ENABLE_STRICT_OBJC_MSGSEND = YES;
				GCC_C_LANGUAGE_STANDARD = gnu11;
				GCC_NO_COMMON_BLOCKS = YES;
				GCC_WARN_64_TO_32_BIT_CONVERSION = YES;
				GCC_WARN_ABOUT_RETURN_TYPE = YES_ERROR;
				GCC_WARN_UNDECLARED_SELECTOR = YES;
				GCC_WARN_UNINITIALIZED_AUTOS = YES_AGGRESSIVE;
				GCC_WARN_UNUSED_FUNCTION = YES;
				GCC_WARN_UNUSED_VARIABLE = YES;
				IPHONEOS_DEPLOYMENT_TARGET = 13.0;
				MTL_ENABLE_DEBUG_INFO = NO;
				MTL_FAST_MATH = YES;
				SDKROOT = iphoneos;
				SWIFT_COMPILATION_MODE = wholemodule;
				SWIFT_OPTIMIZATION_LEVEL = "-O";
				VALIDATE_PRODUCT = YES;
			};
			name = Release;
		};
		C504D953236E3CFE008F89B0 /* Debug */ = {
			isa = XCBuildConfiguration;
			buildSettings = {
				ASSETCATALOG_COMPILER_APPICON_NAME = AppIcon;
				CODE_SIGN_STYLE = Automatic;
				INFOPLIST_FILE = PlatziFinanzas1/Info.plist;
				LD_RUNPATH_SEARCH_PATHS = (
					"$(inherited)",
					"@executable_path/Frameworks",
				);
				PRODUCT_BUNDLE_IDENTIFIER = com.eduardomejia.PlatziFinanzas1;
				PRODUCT_NAME = "$(TARGET_NAME)";
				SWIFT_VERSION = 5.0;
				TARGETED_DEVICE_FAMILY = "1,2";
			};
			name = Debug;
		};
		C504D954236E3CFE008F89B0 /* Release */ = {
			isa = XCBuildConfiguration;
			buildSettings = {
				ASSETCATALOG_COMPILER_APPICON_NAME = AppIcon;
				CODE_SIGN_STYLE = Automatic;
				INFOPLIST_FILE = PlatziFinanzas1/Info.plist;
				LD_RUNPATH_SEARCH_PATHS = (
					"$(inherited)",
					"@executable_path/Frameworks",
				);
				PRODUCT_BUNDLE_IDENTIFIER = com.eduardomejia.PlatziFinanzas1;
				PRODUCT_NAME = "$(TARGET_NAME)";
				SWIFT_VERSION = 5.0;
				TARGETED_DEVICE_FAMILY = "1,2";
			};
			name = Release;
		};
/* End XCBuildConfiguration section */

/* Begin XCConfigurationList section */
		C504D939236E3CFC008F89B0 /* Build configuration list for PBXProject "PlatziFinanzas1" */ = {
			isa = XCConfigurationList;
			buildConfigurations = (
				C504D950236E3CFE008F89B0 /* Debug */,
				C504D951236E3CFE008F89B0 /* Release */,
			);
			defaultConfigurationIsVisible = 0;
			defaultConfigurationName = Release;
		};
		C504D952236E3CFE008F89B0 /* Build configuration list for PBXNativeTarget "PlatziFinanzas1" */ = {
			isa = XCConfigurationList;
			buildConfigurations = (
				C504D953236E3CFE008F89B0 /* Debug */,
				C504D954236E3CFE008F89B0 /* Release */,
			);
			defaultConfigurationIsVisible = 0;
			defaultConfigurationName = Release;
		};
/* End XCConfigurationList section */
	};
	rootObject = C504D936236E3CFC008F89B0 /* Project object */;
}
